// !$*UTF8*$!
{
	archiveVersion = 1;
	classes = {
	};
	objectVersion = 55;
	objects = {

/* Begin PBXBuildFile section */
		4B04ECC44CDC6761F930F81C /* Pods_DersuWatchExtension.framework in Frameworks */ = {isa = PBXBuildFile; fileRef = 4ACCE800D4D33F1B5A78E550 /* Pods_DersuWatchExtension.framework */; };
		830078402826394200971294 /* LoxodromeCompass.swift in Sources */ = {isa = PBXBuildFile; fileRef = 8300783F2826394200971294 /* LoxodromeCompass.swift */; };
		830078412826394200971294 /* LoxodromeCompass.swift in Sources */ = {isa = PBXBuildFile; fileRef = 8300783F2826394200971294 /* LoxodromeCompass.swift */; };
		830078422826394200971294 /* LoxodromeCompass.swift in Sources */ = {isa = PBXBuildFile; fileRef = 8300783F2826394200971294 /* LoxodromeCompass.swift */; };
		8300784428264FAB00971294 /* TestObjFactory.swift in Sources */ = {isa = PBXBuildFile; fileRef = 8300784328264FAB00971294 /* TestObjFactory.swift */; };
		830078482826AC5500971294 /* Target.swift in Sources */ = {isa = PBXBuildFile; fileRef = 830078472826AC5500971294 /* Target.swift */; };
		830078492826AC5500971294 /* Target.swift in Sources */ = {isa = PBXBuildFile; fileRef = 830078472826AC5500971294 /* Target.swift */; };
		8300784A2826AC6E00971294 /* Target.swift in Sources */ = {isa = PBXBuildFile; fileRef = 830078472826AC5500971294 /* Target.swift */; };
		8300784D2826B2CF00971294 /* SelfUpdated.swift in Sources */ = {isa = PBXBuildFile; fileRef = 8300784C2826B2CF00971294 /* SelfUpdated.swift */; };
		8300784E2826B2CF00971294 /* SelfUpdated.swift in Sources */ = {isa = PBXBuildFile; fileRef = 8300784C2826B2CF00971294 /* SelfUpdated.swift */; };
		8300784F2826B2CF00971294 /* SelfUpdated.swift in Sources */ = {isa = PBXBuildFile; fileRef = 8300784C2826B2CF00971294 /* SelfUpdated.swift */; };
		830078512826BCC600971294 /* TargeRepoWrapper.swift in Sources */ = {isa = PBXBuildFile; fileRef = 830078502826BCC600971294 /* TargeRepoWrapper.swift */; };
		830078522826BCC600971294 /* TargeRepoWrapper.swift in Sources */ = {isa = PBXBuildFile; fileRef = 830078502826BCC600971294 /* TargeRepoWrapper.swift */; };
		830078532826BCC600971294 /* TargeRepoWrapper.swift in Sources */ = {isa = PBXBuildFile; fileRef = 830078502826BCC600971294 /* TargeRepoWrapper.swift */; };
		830078552826C28400971294 /* TargetImpl.swift in Sources */ = {isa = PBXBuildFile; fileRef = 830078542826C28400971294 /* TargetImpl.swift */; };
		830078572826C86500971294 /* TargetRepoWrapper.swift in Sources */ = {isa = PBXBuildFile; fileRef = 830078562826C86500971294 /* TargetRepoWrapper.swift */; };
		830078592826E4F000971294 /* RestrictedTarget.swift in Sources */ = {isa = PBXBuildFile; fileRef = 830078582826E4F000971294 /* RestrictedTarget.swift */; };
		8300785A2826E4F000971294 /* RestrictedTarget.swift in Sources */ = {isa = PBXBuildFile; fileRef = 830078582826E4F000971294 /* RestrictedTarget.swift */; };
		8300785B2826E4F000971294 /* RestrictedTarget.swift in Sources */ = {isa = PBXBuildFile; fileRef = 830078582826E4F000971294 /* RestrictedTarget.swift */; };
		8300785D2826E94800971294 /* TargetRestrictorWrapper.swift in Sources */ = {isa = PBXBuildFile; fileRef = 8300785C2826E94800971294 /* TargetRestrictorWrapper.swift */; };
		834A1F8528169650007DE942 /* Compass.swift in Sources */ = {isa = PBXBuildFile; fileRef = 834A1F8428169650007DE942 /* Compass.swift */; };
		834A1F8628169650007DE942 /* Compass.swift in Sources */ = {isa = PBXBuildFile; fileRef = 834A1F8428169650007DE942 /* Compass.swift */; };
		834A1F8728169650007DE942 /* Compass.swift in Sources */ = {isa = PBXBuildFile; fileRef = 834A1F8428169650007DE942 /* Compass.swift */; };
		834A1F8A281697B9007DE942 /* DerivedLocation.swift in Sources */ = {isa = PBXBuildFile; fileRef = 834A1F89281697B9007DE942 /* DerivedLocation.swift */; };
		834A1F8B281697B9007DE942 /* DerivedLocation.swift in Sources */ = {isa = PBXBuildFile; fileRef = 834A1F89281697B9007DE942 /* DerivedLocation.swift */; };
		834A1F8C281697B9007DE942 /* DerivedLocation.swift in Sources */ = {isa = PBXBuildFile; fileRef = 834A1F89281697B9007DE942 /* DerivedLocation.swift */; };
		834A1F8E281697F6007DE942 /* Measurement.swift in Sources */ = {isa = PBXBuildFile; fileRef = 834A1F8D281697F6007DE942 /* Measurement.swift */; };
		834A1F8F281697F6007DE942 /* Measurement.swift in Sources */ = {isa = PBXBuildFile; fileRef = 834A1F8D281697F6007DE942 /* Measurement.swift */; };
		834A1F90281697F6007DE942 /* Measurement.swift in Sources */ = {isa = PBXBuildFile; fileRef = 834A1F8D281697F6007DE942 /* Measurement.swift */; };
		834A1F9B2816B7DF007DE942 /* LoxodromeCompassTests.swift in Sources */ = {isa = PBXBuildFile; fileRef = 834A1F9A2816B7DF007DE942 /* LoxodromeCompassTests.swift */; };
		834D4A3B2815987A0099464B /* DersuApp.swift in Sources */ = {isa = PBXBuildFile; fileRef = 834D4A3A2815987A0099464B /* DersuApp.swift */; };
		834D4A3D2815987A0099464B /* ContentView.swift in Sources */ = {isa = PBXBuildFile; fileRef = 834D4A3C2815987A0099464B /* ContentView.swift */; };
		834D4A3F2815987E0099464B /* Assets.xcassets in Resources */ = {isa = PBXBuildFile; fileRef = 834D4A3E2815987E0099464B /* Assets.xcassets */; };
		834D4A5C2815987E0099464B /* DersuWatchApp.app in Embed Watch Content */ = {isa = PBXBuildFile; fileRef = 834D4A5B2815987E0099464B /* DersuWatchApp.app */; settings = {ATTRIBUTES = (RemoveHeadersOnCopy, ); }; };
		834D4A61281598800099464B /* Assets.xcassets in Resources */ = {isa = PBXBuildFile; fileRef = 834D4A60281598800099464B /* Assets.xcassets */; };
		834D4A67281598800099464B /* DersuWatchExtension.appex in Embed App Extensions */ = {isa = PBXBuildFile; fileRef = 834D4A66281598800099464B /* DersuWatchExtension.appex */; settings = {ATTRIBUTES = (RemoveHeadersOnCopy, ); }; };
		834D4A6C281598800099464B /* ContentView.swift in Sources */ = {isa = PBXBuildFile; fileRef = 834D4A6B281598800099464B /* ContentView.swift */; };
		834D4A6E281598800099464B /* DersuApp.swift in Sources */ = {isa = PBXBuildFile; fileRef = 834D4A6D281598800099464B /* DersuApp.swift */; };
		834D4A70281598800099464B /* ComplicationController.swift in Sources */ = {isa = PBXBuildFile; fileRef = 834D4A6F281598800099464B /* ComplicationController.swift */; };
		834D4A72281598820099464B /* Assets.xcassets in Resources */ = {isa = PBXBuildFile; fileRef = 834D4A71281598820099464B /* Assets.xcassets */; };
		834D4B9C2816874B0099464B /* DersuSharedTests.swift in Sources */ = {isa = PBXBuildFile; fileRef = 834D4B9B2816874B0099464B /* DersuSharedTests.swift */; };
		834D4BA7281687CA0099464B /* DersuTests.swift in Sources */ = {isa = PBXBuildFile; fileRef = 834D4BA6281687CA0099464B /* DersuTests.swift */; };
		834D4BB4281688450099464B /* DersuWatchTests.swift in Sources */ = {isa = PBXBuildFile; fileRef = 834D4BB3281688450099464B /* DersuWatchTests.swift */; };
		8377CCA4283EC33B0082E176 /* TargetBagRepoWrapper.swift in Sources */ = {isa = PBXBuildFile; fileRef = 8377CCA3283EC33A0082E176 /* TargetBagRepoWrapper.swift */; };
		8377CCA5283EC33B0082E176 /* TargetBagRepoWrapper.swift in Sources */ = {isa = PBXBuildFile; fileRef = 8377CCA3283EC33A0082E176 /* TargetBagRepoWrapper.swift */; };
		8377CCA6283EC33B0082E176 /* TargetBagRepoWrapper.swift in Sources */ = {isa = PBXBuildFile; fileRef = 8377CCA3283EC33A0082E176 /* TargetBagRepoWrapper.swift */; };
		8377CCAC2841FBD70082E176 /* TargetBagRepoWrapperTest.swift in Sources */ = {isa = PBXBuildFile; fileRef = 8377CCAB2841FBD70082E176 /* TargetBagRepoWrapperTest.swift */; };
		8377CCAE284201590082E176 /* TargetBagAssembly.swift in Sources */ = {isa = PBXBuildFile; fileRef = 8377CCAD284201590082E176 /* TargetBagAssembly.swift */; };
		8377CCAF284201590082E176 /* TargetBagAssembly.swift in Sources */ = {isa = PBXBuildFile; fileRef = 8377CCAD284201590082E176 /* TargetBagAssembly.swift */; };
		8377CCB0284201590082E176 /* TargetBagAssembly.swift in Sources */ = {isa = PBXBuildFile; fileRef = 8377CCAD284201590082E176 /* TargetBagAssembly.swift */; };
		8377CCB2284202890082E176 /* TargetBagTests.swift in Sources */ = {isa = PBXBuildFile; fileRef = 8377CCB1284202890082E176 /* TargetBagTests.swift */; };
		83A01D2D283BE65C00968E05 /* TargetBag.swift in Sources */ = {isa = PBXBuildFile; fileRef = 83A01D2C283BE65C00968E05 /* TargetBag.swift */; };
		83A01D2E283BE65C00968E05 /* TargetBag.swift in Sources */ = {isa = PBXBuildFile; fileRef = 83A01D2C283BE65C00968E05 /* TargetBag.swift */; };
		83A01D2F283BE65C00968E05 /* TargetBag.swift in Sources */ = {isa = PBXBuildFile; fileRef = 83A01D2C283BE65C00968E05 /* TargetBag.swift */; };
		83A01D31283BECED00968E05 /* TargetAssembly.swift in Sources */ = {isa = PBXBuildFile; fileRef = 83A01D30283BECED00968E05 /* TargetAssembly.swift */; };
		83A01D32283BECED00968E05 /* TargetAssembly.swift in Sources */ = {isa = PBXBuildFile; fileRef = 83A01D30283BECED00968E05 /* TargetAssembly.swift */; };
		83A01D33283BECED00968E05 /* TargetAssembly.swift in Sources */ = {isa = PBXBuildFile; fileRef = 83A01D30283BECED00968E05 /* TargetAssembly.swift */; };
		83A01D35283BEF1D00968E05 /* CompassAssembly.swift in Sources */ = {isa = PBXBuildFile; fileRef = 83A01D34283BEF1D00968E05 /* CompassAssembly.swift */; };
		83A01D36283BEF1D00968E05 /* CompassAssembly.swift in Sources */ = {isa = PBXBuildFile; fileRef = 83A01D34283BEF1D00968E05 /* CompassAssembly.swift */; };
		83A01D37283BEF1D00968E05 /* CompassAssembly.swift in Sources */ = {isa = PBXBuildFile; fileRef = 83A01D34283BEF1D00968E05 /* CompassAssembly.swift */; };
		83A01D3B283BFE9C00968E05 /* CompassTests.swift in Sources */ = {isa = PBXBuildFile; fileRef = 83A01D3A283BFE9C00968E05 /* CompassTests.swift */; };
		83A01D3D283C259C00968E05 /* TargetTests.swift in Sources */ = {isa = PBXBuildFile; fileRef = 83A01D3C283C259C00968E05 /* TargetTests.swift */; };
		83A01D3F283C2C5200968E05 /* TargetBagImpl.swift in Sources */ = {isa = PBXBuildFile; fileRef = 83A01D3E283C2C5200968E05 /* TargetBagImpl.swift */; };
		A87272F0B1043C2A0CA5EE7F /* Pods_DersuWatchTests.framework in Frameworks */ = {isa = PBXBuildFile; fileRef = CE5F11A6978EEBE37B908702 /* Pods_DersuWatchTests.framework */; };
		B3C3D66795FB0FA690C33A98 /* Pods_DersuTests.framework in Frameworks */ = {isa = PBXBuildFile; fileRef = 97E759790AC42EB9D1F84356 /* Pods_DersuTests.framework */; };
		F6A52D433F23BB0655E4AE02 /* Pods_Dersu.framework in Frameworks */ = {isa = PBXBuildFile; fileRef = C088C0D73DF84AD0165DC28F /* Pods_Dersu.framework */; };
		F8E432808E97CD13F0979526 /* Pods_DersuWatchApp.framework in Frameworks */ = {isa = PBXBuildFile; fileRef = 9C25A54D03704332D525CA31 /* Pods_DersuWatchApp.framework */; };
		FF38059A944FB6905D6627DF /* Pods_DersuSharedTests.framework in Frameworks */ = {isa = PBXBuildFile; fileRef = 2FB392482F210C190868BA8C /* Pods_DersuSharedTests.framework */; };
/* End PBXBuildFile section */

/* Begin PBXContainerItemProxy section */
		834D4A5D2815987E0099464B /* PBXContainerItemProxy */ = {
			isa = PBXContainerItemProxy;
			containerPortal = 834D4A2F281598790099464B /* Project object */;
			proxyType = 1;
			remoteGlobalIDString = 834D4A5A2815987E0099464B;
			remoteInfo = "Dersu WatchKit App";
		};
		834D4A68281598800099464B /* PBXContainerItemProxy */ = {
			isa = PBXContainerItemProxy;
			containerPortal = 834D4A2F281598790099464B /* Project object */;
			proxyType = 1;
			remoteGlobalIDString = 834D4A65281598800099464B;
			remoteInfo = "Dersu WatchKit Extension";
		};
		834D4BA8281687CA0099464B /* PBXContainerItemProxy */ = {
			isa = PBXContainerItemProxy;
			containerPortal = 834D4A2F281598790099464B /* Project object */;
			proxyType = 1;
			remoteGlobalIDString = 834D4A362815987A0099464B;
			remoteInfo = Dersu;
		};
		834D4BB5281688450099464B /* PBXContainerItemProxy */ = {
			isa = PBXContainerItemProxy;
			containerPortal = 834D4A2F281598790099464B /* Project object */;
			proxyType = 1;
			remoteGlobalIDString = 834D4A65281598800099464B;
			remoteInfo = DersuWatchExtension;
		};
/* End PBXContainerItemProxy section */

/* Begin PBXCopyFilesBuildPhase section */
		834D4A92281598820099464B /* Embed App Extensions */ = {
			isa = PBXCopyFilesBuildPhase;
			buildActionMask = 2147483647;
			dstPath = "";
			dstSubfolderSpec = 13;
			files = (
				834D4A67281598800099464B /* DersuWatchExtension.appex in Embed App Extensions */,
			);
			name = "Embed App Extensions";
			runOnlyForDeploymentPostprocessing = 0;
		};
		834D4A96281598820099464B /* Embed Watch Content */ = {
			isa = PBXCopyFilesBuildPhase;
			buildActionMask = 2147483647;
			dstPath = "$(CONTENTS_FOLDER_PATH)/Watch";
			dstSubfolderSpec = 16;
			files = (
				834D4A5C2815987E0099464B /* DersuWatchApp.app in Embed Watch Content */,
			);
			name = "Embed Watch Content";
			runOnlyForDeploymentPostprocessing = 0;
		};
/* End PBXCopyFilesBuildPhase section */

/* Begin PBXFileReference section */
		0BD1922D4C6FF8D3B0EB3246 /* Pods_Dersu_DersuUITests.framework */ = {isa = PBXFileReference; explicitFileType = wrapper.framework; includeInIndex = 0; path = Pods_Dersu_DersuUITests.framework; sourceTree = BUILT_PRODUCTS_DIR; };
		1107309B22754C7510F2351D /* Pods-DersuWatchExtension.release.xcconfig */ = {isa = PBXFileReference; includeInIndex = 1; lastKnownFileType = text.xcconfig; name = "Pods-DersuWatchExtension.release.xcconfig"; path = "Target Support Files/Pods-DersuWatchExtension/Pods-DersuWatchExtension.release.xcconfig"; sourceTree = "<group>"; };
		2FB392482F210C190868BA8C /* Pods_DersuSharedTests.framework */ = {isa = PBXFileReference; explicitFileType = wrapper.framework; includeInIndex = 0; path = Pods_DersuSharedTests.framework; sourceTree = BUILT_PRODUCTS_DIR; };
		3FA1388516B33400461B3CF4 /* Pods-DersuTests.debug.xcconfig */ = {isa = PBXFileReference; includeInIndex = 1; lastKnownFileType = text.xcconfig; name = "Pods-DersuTests.debug.xcconfig"; path = "Target Support Files/Pods-DersuTests/Pods-DersuTests.debug.xcconfig"; sourceTree = "<group>"; };
		4ACCE800D4D33F1B5A78E550 /* Pods_DersuWatchExtension.framework */ = {isa = PBXFileReference; explicitFileType = wrapper.framework; includeInIndex = 0; path = Pods_DersuWatchExtension.framework; sourceTree = BUILT_PRODUCTS_DIR; };
		4BE018B84309616DA5655A1A /* Pods-Dersu WatchKit App-Dersu WatchKit AppUITests.debug.xcconfig */ = {isa = PBXFileReference; includeInIndex = 1; lastKnownFileType = text.xcconfig; name = "Pods-Dersu WatchKit App-Dersu WatchKit AppUITests.debug.xcconfig"; path = "Target Support Files/Pods-Dersu WatchKit App-Dersu WatchKit AppUITests/Pods-Dersu WatchKit App-Dersu WatchKit AppUITests.debug.xcconfig"; sourceTree = "<group>"; };
		515622C236EC135EF25B2F5D /* Pods-DersuWatchTests.debug.xcconfig */ = {isa = PBXFileReference; includeInIndex = 1; lastKnownFileType = text.xcconfig; name = "Pods-DersuWatchTests.debug.xcconfig"; path = "Target Support Files/Pods-DersuWatchTests/Pods-DersuWatchTests.debug.xcconfig"; sourceTree = "<group>"; };
		51CD6ECB24CEE800BE6189BA /* Pods-Dersu WatchKit AppTests.release.xcconfig */ = {isa = PBXFileReference; includeInIndex = 1; lastKnownFileType = text.xcconfig; name = "Pods-Dersu WatchKit AppTests.release.xcconfig"; path = "Target Support Files/Pods-Dersu WatchKit AppTests/Pods-Dersu WatchKit AppTests.release.xcconfig"; sourceTree = "<group>"; };
		59785FB1B26EDCFAEEF28675 /* Pods-Dersu-DersuUITests.debug.xcconfig */ = {isa = PBXFileReference; includeInIndex = 1; lastKnownFileType = text.xcconfig; name = "Pods-Dersu-DersuUITests.debug.xcconfig"; path = "Target Support Files/Pods-Dersu-DersuUITests/Pods-Dersu-DersuUITests.debug.xcconfig"; sourceTree = "<group>"; };
		5C0BBE1D58DB452CAB52746C /* Pods-Dersu.release.xcconfig */ = {isa = PBXFileReference; includeInIndex = 1; lastKnownFileType = text.xcconfig; name = "Pods-Dersu.release.xcconfig"; path = "Target Support Files/Pods-Dersu/Pods-Dersu.release.xcconfig"; sourceTree = "<group>"; };
		6F5423A61A29DA5A33811691 /* Pods-Dersu WatchKit App-Dersu WatchKit AppUITests.release.xcconfig */ = {isa = PBXFileReference; includeInIndex = 1; lastKnownFileType = text.xcconfig; name = "Pods-Dersu WatchKit App-Dersu WatchKit AppUITests.release.xcconfig"; path = "Target Support Files/Pods-Dersu WatchKit App-Dersu WatchKit AppUITests/Pods-Dersu WatchKit App-Dersu WatchKit AppUITests.release.xcconfig"; sourceTree = "<group>"; };
		7B85D87800F09EC4916D1FD5 /* Pods-DersuSharedTests.debug.xcconfig */ = {isa = PBXFileReference; includeInIndex = 1; lastKnownFileType = text.xcconfig; name = "Pods-DersuSharedTests.debug.xcconfig"; path = "Target Support Files/Pods-DersuSharedTests/Pods-DersuSharedTests.debug.xcconfig"; sourceTree = "<group>"; };
		8300783F2826394200971294 /* LoxodromeCompass.swift */ = {isa = PBXFileReference; lastKnownFileType = sourcecode.swift; path = LoxodromeCompass.swift; sourceTree = "<group>"; };
		8300784328264FAB00971294 /* TestObjFactory.swift */ = {isa = PBXFileReference; lastKnownFileType = sourcecode.swift; path = TestObjFactory.swift; sourceTree = "<group>"; };
		830078472826AC5500971294 /* Target.swift */ = {isa = PBXFileReference; lastKnownFileType = sourcecode.swift; path = Target.swift; sourceTree = "<group>"; };
		8300784C2826B2CF00971294 /* SelfUpdated.swift */ = {isa = PBXFileReference; lastKnownFileType = sourcecode.swift; path = SelfUpdated.swift; sourceTree = "<group>"; };
		830078502826BCC600971294 /* TargeRepoWrapper.swift */ = {isa = PBXFileReference; lastKnownFileType = sourcecode.swift; path = TargeRepoWrapper.swift; sourceTree = "<group>"; };
		830078542826C28400971294 /* TargetImpl.swift */ = {isa = PBXFileReference; lastKnownFileType = sourcecode.swift; path = TargetImpl.swift; sourceTree = "<group>"; };
		830078562826C86500971294 /* TargetRepoWrapper.swift */ = {isa = PBXFileReference; lastKnownFileType = sourcecode.swift; path = TargetRepoWrapper.swift; sourceTree = "<group>"; };
		830078582826E4F000971294 /* RestrictedTarget.swift */ = {isa = PBXFileReference; lastKnownFileType = sourcecode.swift; path = RestrictedTarget.swift; sourceTree = "<group>"; };
		8300785C2826E94800971294 /* TargetRestrictorWrapper.swift */ = {isa = PBXFileReference; lastKnownFileType = sourcecode.swift; path = TargetRestrictorWrapper.swift; sourceTree = "<group>"; };
		834A1F8428169650007DE942 /* Compass.swift */ = {isa = PBXFileReference; lastKnownFileType = sourcecode.swift; path = Compass.swift; sourceTree = "<group>"; };
		834A1F89281697B9007DE942 /* DerivedLocation.swift */ = {isa = PBXFileReference; lastKnownFileType = sourcecode.swift; path = DerivedLocation.swift; sourceTree = "<group>"; };
		834A1F8D281697F6007DE942 /* Measurement.swift */ = {isa = PBXFileReference; lastKnownFileType = sourcecode.swift; path = Measurement.swift; sourceTree = "<group>"; };
		834A1F9A2816B7DF007DE942 /* LoxodromeCompassTests.swift */ = {isa = PBXFileReference; lastKnownFileType = sourcecode.swift; path = LoxodromeCompassTests.swift; sourceTree = "<group>"; };
		834D4A372815987A0099464B /* Dersu.app */ = {isa = PBXFileReference; explicitFileType = wrapper.application; includeInIndex = 0; path = Dersu.app; sourceTree = BUILT_PRODUCTS_DIR; };
		834D4A3A2815987A0099464B /* DersuApp.swift */ = {isa = PBXFileReference; lastKnownFileType = sourcecode.swift; path = DersuApp.swift; sourceTree = "<group>"; };
		834D4A3C2815987A0099464B /* ContentView.swift */ = {isa = PBXFileReference; lastKnownFileType = sourcecode.swift; path = ContentView.swift; sourceTree = "<group>"; };
		834D4A3E2815987E0099464B /* Assets.xcassets */ = {isa = PBXFileReference; lastKnownFileType = folder.assetcatalog; path = Assets.xcassets; sourceTree = "<group>"; };
		834D4A5B2815987E0099464B /* DersuWatchApp.app */ = {isa = PBXFileReference; explicitFileType = wrapper.application; includeInIndex = 0; path = DersuWatchApp.app; sourceTree = BUILT_PRODUCTS_DIR; };
		834D4A60281598800099464B /* Assets.xcassets */ = {isa = PBXFileReference; lastKnownFileType = folder.assetcatalog; path = Assets.xcassets; sourceTree = "<group>"; };
		834D4A66281598800099464B /* DersuWatchExtension.appex */ = {isa = PBXFileReference; explicitFileType = "wrapper.app-extension"; includeInIndex = 0; path = DersuWatchExtension.appex; sourceTree = BUILT_PRODUCTS_DIR; };
		834D4A6B281598800099464B /* ContentView.swift */ = {isa = PBXFileReference; lastKnownFileType = sourcecode.swift; path = ContentView.swift; sourceTree = "<group>"; };
		834D4A6D281598800099464B /* DersuApp.swift */ = {isa = PBXFileReference; lastKnownFileType = sourcecode.swift; path = DersuApp.swift; sourceTree = "<group>"; };
		834D4A6F281598800099464B /* ComplicationController.swift */ = {isa = PBXFileReference; lastKnownFileType = sourcecode.swift; path = ComplicationController.swift; sourceTree = "<group>"; };
		834D4A71281598820099464B /* Assets.xcassets */ = {isa = PBXFileReference; lastKnownFileType = folder.assetcatalog; path = Assets.xcassets; sourceTree = "<group>"; };
		834D4A76281598820099464B /* Info.plist */ = {isa = PBXFileReference; lastKnownFileType = text.plist.xml; path = Info.plist; sourceTree = "<group>"; };
		834D4B992816874A0099464B /* DersuSharedTests.xctest */ = {isa = PBXFileReference; explicitFileType = wrapper.cfbundle; includeInIndex = 0; path = DersuSharedTests.xctest; sourceTree = BUILT_PRODUCTS_DIR; };
		834D4B9B2816874B0099464B /* DersuSharedTests.swift */ = {isa = PBXFileReference; lastKnownFileType = sourcecode.swift; path = DersuSharedTests.swift; sourceTree = "<group>"; };
		834D4BA4281687CA0099464B /* DersuTests.xctest */ = {isa = PBXFileReference; explicitFileType = wrapper.cfbundle; includeInIndex = 0; path = DersuTests.xctest; sourceTree = BUILT_PRODUCTS_DIR; };
		834D4BA6281687CA0099464B /* DersuTests.swift */ = {isa = PBXFileReference; lastKnownFileType = sourcecode.swift; path = DersuTests.swift; sourceTree = "<group>"; };
		834D4BB1281688450099464B /* DersuWatchTests.xctest */ = {isa = PBXFileReference; explicitFileType = wrapper.cfbundle; includeInIndex = 0; path = DersuWatchTests.xctest; sourceTree = BUILT_PRODUCTS_DIR; };
		834D4BB3281688450099464B /* DersuWatchTests.swift */ = {isa = PBXFileReference; lastKnownFileType = sourcecode.swift; path = DersuWatchTests.swift; sourceTree = "<group>"; };
		8377CCA3283EC33A0082E176 /* TargetBagRepoWrapper.swift */ = {isa = PBXFileReference; lastKnownFileType = sourcecode.swift; path = TargetBagRepoWrapper.swift; sourceTree = "<group>"; };
		8377CCAB2841FBD70082E176 /* TargetBagRepoWrapperTest.swift */ = {isa = PBXFileReference; lastKnownFileType = sourcecode.swift; path = TargetBagRepoWrapperTest.swift; sourceTree = "<group>"; };
		8377CCAD284201590082E176 /* TargetBagAssembly.swift */ = {isa = PBXFileReference; lastKnownFileType = sourcecode.swift; path = TargetBagAssembly.swift; sourceTree = "<group>"; };
		8377CCB1284202890082E176 /* TargetBagTests.swift */ = {isa = PBXFileReference; lastKnownFileType = sourcecode.swift; path = TargetBagTests.swift; sourceTree = "<group>"; };
		83A01D2C283BE65C00968E05 /* TargetBag.swift */ = {isa = PBXFileReference; lastKnownFileType = sourcecode.swift; path = TargetBag.swift; sourceTree = "<group>"; };
		83A01D30283BECED00968E05 /* TargetAssembly.swift */ = {isa = PBXFileReference; lastKnownFileType = sourcecode.swift; path = TargetAssembly.swift; sourceTree = "<group>"; };
		83A01D34283BEF1D00968E05 /* CompassAssembly.swift */ = {isa = PBXFileReference; lastKnownFileType = sourcecode.swift; path = CompassAssembly.swift; sourceTree = "<group>"; };
		83A01D3A283BFE9C00968E05 /* CompassTests.swift */ = {isa = PBXFileReference; lastKnownFileType = sourcecode.swift; path = CompassTests.swift; sourceTree = "<group>"; };
		83A01D3C283C259C00968E05 /* TargetTests.swift */ = {isa = PBXFileReference; lastKnownFileType = sourcecode.swift; path = TargetTests.swift; sourceTree = "<group>"; };
		83A01D3E283C2C5200968E05 /* TargetBagImpl.swift */ = {isa = PBXFileReference; lastKnownFileType = sourcecode.swift; path = TargetBagImpl.swift; sourceTree = "<group>"; };
		8CDCC23BDD445B58D03F53FC /* Pods-DersuTests.release.xcconfig */ = {isa = PBXFileReference; includeInIndex = 1; lastKnownFileType = text.xcconfig; name = "Pods-DersuTests.release.xcconfig"; path = "Target Support Files/Pods-DersuTests/Pods-DersuTests.release.xcconfig"; sourceTree = "<group>"; };
		95755B617E80065F3510349A /* Pods-Dersu.debug.xcconfig */ = {isa = PBXFileReference; includeInIndex = 1; lastKnownFileType = text.xcconfig; name = "Pods-Dersu.debug.xcconfig"; path = "Target Support Files/Pods-Dersu/Pods-Dersu.debug.xcconfig"; sourceTree = "<group>"; };
		97E759790AC42EB9D1F84356 /* Pods_DersuTests.framework */ = {isa = PBXFileReference; explicitFileType = wrapper.framework; includeInIndex = 0; path = Pods_DersuTests.framework; sourceTree = BUILT_PRODUCTS_DIR; };
		9C25A54D03704332D525CA31 /* Pods_DersuWatchApp.framework */ = {isa = PBXFileReference; explicitFileType = wrapper.framework; includeInIndex = 0; path = Pods_DersuWatchApp.framework; sourceTree = BUILT_PRODUCTS_DIR; };
		AF0F14E0C0D08EFA5084D98F /* Pods-Dersu WatchKit Extension.release.xcconfig */ = {isa = PBXFileReference; includeInIndex = 1; lastKnownFileType = text.xcconfig; name = "Pods-Dersu WatchKit Extension.release.xcconfig"; path = "Target Support Files/Pods-Dersu WatchKit Extension/Pods-Dersu WatchKit Extension.release.xcconfig"; sourceTree = "<group>"; };
		B117CBD2C5C367E23B5D2D76 /* Pods-DersuWatchApp.debug.xcconfig */ = {isa = PBXFileReference; includeInIndex = 1; lastKnownFileType = text.xcconfig; name = "Pods-DersuWatchApp.debug.xcconfig"; path = "Target Support Files/Pods-DersuWatchApp/Pods-DersuWatchApp.debug.xcconfig"; sourceTree = "<group>"; };
		B6A9B7D32F65596FBFD3432E /* Pods_Dersu_WatchKit_App_Dersu_WatchKit_AppUITests.framework */ = {isa = PBXFileReference; explicitFileType = wrapper.framework; includeInIndex = 0; path = Pods_Dersu_WatchKit_App_Dersu_WatchKit_AppUITests.framework; sourceTree = BUILT_PRODUCTS_DIR; };
		BBD14578D6D3640FE4858A5D /* Pods-DersuWatchTests.release.xcconfig */ = {isa = PBXFileReference; includeInIndex = 1; lastKnownFileType = text.xcconfig; name = "Pods-DersuWatchTests.release.xcconfig"; path = "Target Support Files/Pods-DersuWatchTests/Pods-DersuWatchTests.release.xcconfig"; sourceTree = "<group>"; };
		C088C0D73DF84AD0165DC28F /* Pods_Dersu.framework */ = {isa = PBXFileReference; explicitFileType = wrapper.framework; includeInIndex = 0; path = Pods_Dersu.framework; sourceTree = BUILT_PRODUCTS_DIR; };
		CE5F11A6978EEBE37B908702 /* Pods_DersuWatchTests.framework */ = {isa = PBXFileReference; explicitFileType = wrapper.framework; includeInIndex = 0; path = Pods_DersuWatchTests.framework; sourceTree = BUILT_PRODUCTS_DIR; };
		CE864842D3C140FF9D21970B /* Pods-DersuWatchExtension.debug.xcconfig */ = {isa = PBXFileReference; includeInIndex = 1; lastKnownFileType = text.xcconfig; name = "Pods-DersuWatchExtension.debug.xcconfig"; path = "Target Support Files/Pods-DersuWatchExtension/Pods-DersuWatchExtension.debug.xcconfig"; sourceTree = "<group>"; };
		D1191E37DD0D151792726F77 /* Pods-Dersu WatchKit Extension.debug.xcconfig */ = {isa = PBXFileReference; includeInIndex = 1; lastKnownFileType = text.xcconfig; name = "Pods-Dersu WatchKit Extension.debug.xcconfig"; path = "Target Support Files/Pods-Dersu WatchKit Extension/Pods-Dersu WatchKit Extension.debug.xcconfig"; sourceTree = "<group>"; };
		DC8AB5F0C09A537EC45287DD /* Pods-DersuWatchApp.release.xcconfig */ = {isa = PBXFileReference; includeInIndex = 1; lastKnownFileType = text.xcconfig; name = "Pods-DersuWatchApp.release.xcconfig"; path = "Target Support Files/Pods-DersuWatchApp/Pods-DersuWatchApp.release.xcconfig"; sourceTree = "<group>"; };
		E75BC72D28D4F2D1CB2D0A06 /* Pods-Dersu WatchKit App.release.xcconfig */ = {isa = PBXFileReference; includeInIndex = 1; lastKnownFileType = text.xcconfig; name = "Pods-Dersu WatchKit App.release.xcconfig"; path = "Target Support Files/Pods-Dersu WatchKit App/Pods-Dersu WatchKit App.release.xcconfig"; sourceTree = "<group>"; };
		ED74E31D787FA1B56EF16FC4 /* Pods-DersuSharedTests.release.xcconfig */ = {isa = PBXFileReference; includeInIndex = 1; lastKnownFileType = text.xcconfig; name = "Pods-DersuSharedTests.release.xcconfig"; path = "Target Support Files/Pods-DersuSharedTests/Pods-DersuSharedTests.release.xcconfig"; sourceTree = "<group>"; };
		EEBF9746AD4EB94A013DE8D6 /* Pods-Dersu WatchKit AppTests.debug.xcconfig */ = {isa = PBXFileReference; includeInIndex = 1; lastKnownFileType = text.xcconfig; name = "Pods-Dersu WatchKit AppTests.debug.xcconfig"; path = "Target Support Files/Pods-Dersu WatchKit AppTests/Pods-Dersu WatchKit AppTests.debug.xcconfig"; sourceTree = "<group>"; };
		F018BF547054CEE53E1F3D34 /* Pods-Dersu-DersuUITests.release.xcconfig */ = {isa = PBXFileReference; includeInIndex = 1; lastKnownFileType = text.xcconfig; name = "Pods-Dersu-DersuUITests.release.xcconfig"; path = "Target Support Files/Pods-Dersu-DersuUITests/Pods-Dersu-DersuUITests.release.xcconfig"; sourceTree = "<group>"; };
		FD636606C2CDC27CED6394F0 /* Pods-Dersu WatchKit App.debug.xcconfig */ = {isa = PBXFileReference; includeInIndex = 1; lastKnownFileType = text.xcconfig; name = "Pods-Dersu WatchKit App.debug.xcconfig"; path = "Target Support Files/Pods-Dersu WatchKit App/Pods-Dersu WatchKit App.debug.xcconfig"; sourceTree = "<group>"; };
/* End PBXFileReference section */

/* Begin PBXFrameworksBuildPhase section */
		834D4A342815987A0099464B /* Frameworks */ = {
			isa = PBXFrameworksBuildPhase;
			buildActionMask = 2147483647;
			files = (
				F6A52D433F23BB0655E4AE02 /* Pods_Dersu.framework in Frameworks */,
			);
			runOnlyForDeploymentPostprocessing = 0;
		};
		834D4A63281598800099464B /* Frameworks */ = {
			isa = PBXFrameworksBuildPhase;
			buildActionMask = 2147483647;
			files = (
				4B04ECC44CDC6761F930F81C /* Pods_DersuWatchExtension.framework in Frameworks */,
			);
			runOnlyForDeploymentPostprocessing = 0;
		};
		834D4B962816874A0099464B /* Frameworks */ = {
			isa = PBXFrameworksBuildPhase;
			buildActionMask = 2147483647;
			files = (
				FF38059A944FB6905D6627DF /* Pods_DersuSharedTests.framework in Frameworks */,
			);
			runOnlyForDeploymentPostprocessing = 0;
		};
		834D4BA1281687CA0099464B /* Frameworks */ = {
			isa = PBXFrameworksBuildPhase;
			buildActionMask = 2147483647;
			files = (
				B3C3D66795FB0FA690C33A98 /* Pods_DersuTests.framework in Frameworks */,
			);
			runOnlyForDeploymentPostprocessing = 0;
		};
		834D4BAE281688450099464B /* Frameworks */ = {
			isa = PBXFrameworksBuildPhase;
			buildActionMask = 2147483647;
			files = (
				A87272F0B1043C2A0CA5EE7F /* Pods_DersuWatchTests.framework in Frameworks */,
			);
			runOnlyForDeploymentPostprocessing = 0;
		};
		D70DC7C26CDF3F195F3663FF /* Frameworks */ = {
			isa = PBXFrameworksBuildPhase;
			buildActionMask = 2147483647;
			files = (
				F8E432808E97CD13F0979526 /* Pods_DersuWatchApp.framework in Frameworks */,
			);
			runOnlyForDeploymentPostprocessing = 0;
		};
/* End PBXFrameworksBuildPhase section */

/* Begin PBXGroup section */
		13C398468A91C0DC73F8BB10 /* Frameworks */ = {
			isa = PBXGroup;
			children = (
				C088C0D73DF84AD0165DC28F /* Pods_Dersu.framework */,
				B6A9B7D32F65596FBFD3432E /* Pods_Dersu_WatchKit_App_Dersu_WatchKit_AppUITests.framework */,
				0BD1922D4C6FF8D3B0EB3246 /* Pods_Dersu_DersuUITests.framework */,
				97E759790AC42EB9D1F84356 /* Pods_DersuTests.framework */,
				2FB392482F210C190868BA8C /* Pods_DersuSharedTests.framework */,
				9C25A54D03704332D525CA31 /* Pods_DersuWatchApp.framework */,
				4ACCE800D4D33F1B5A78E550 /* Pods_DersuWatchExtension.framework */,
				CE5F11A6978EEBE37B908702 /* Pods_DersuWatchTests.framework */,
			);
			name = Frameworks;
			sourceTree = "<group>";
		};
		4567E512F35D02B6A832E905 /* Pods */ = {
			isa = PBXGroup;
			children = (
				95755B617E80065F3510349A /* Pods-Dersu.debug.xcconfig */,
				5C0BBE1D58DB452CAB52746C /* Pods-Dersu.release.xcconfig */,
				FD636606C2CDC27CED6394F0 /* Pods-Dersu WatchKit App.debug.xcconfig */,
				E75BC72D28D4F2D1CB2D0A06 /* Pods-Dersu WatchKit App.release.xcconfig */,
				4BE018B84309616DA5655A1A /* Pods-Dersu WatchKit App-Dersu WatchKit AppUITests.debug.xcconfig */,
				6F5423A61A29DA5A33811691 /* Pods-Dersu WatchKit App-Dersu WatchKit AppUITests.release.xcconfig */,
				EEBF9746AD4EB94A013DE8D6 /* Pods-Dersu WatchKit AppTests.debug.xcconfig */,
				51CD6ECB24CEE800BE6189BA /* Pods-Dersu WatchKit AppTests.release.xcconfig */,
				D1191E37DD0D151792726F77 /* Pods-Dersu WatchKit Extension.debug.xcconfig */,
				AF0F14E0C0D08EFA5084D98F /* Pods-Dersu WatchKit Extension.release.xcconfig */,
				59785FB1B26EDCFAEEF28675 /* Pods-Dersu-DersuUITests.debug.xcconfig */,
				F018BF547054CEE53E1F3D34 /* Pods-Dersu-DersuUITests.release.xcconfig */,
				3FA1388516B33400461B3CF4 /* Pods-DersuTests.debug.xcconfig */,
				8CDCC23BDD445B58D03F53FC /* Pods-DersuTests.release.xcconfig */,
				7B85D87800F09EC4916D1FD5 /* Pods-DersuSharedTests.debug.xcconfig */,
				ED74E31D787FA1B56EF16FC4 /* Pods-DersuSharedTests.release.xcconfig */,
				B117CBD2C5C367E23B5D2D76 /* Pods-DersuWatchApp.debug.xcconfig */,
				DC8AB5F0C09A537EC45287DD /* Pods-DersuWatchApp.release.xcconfig */,
				CE864842D3C140FF9D21970B /* Pods-DersuWatchExtension.debug.xcconfig */,
				1107309B22754C7510F2351D /* Pods-DersuWatchExtension.release.xcconfig */,
				515622C236EC135EF25B2F5D /* Pods-DersuWatchTests.debug.xcconfig */,
				BBD14578D6D3640FE4858A5D /* Pods-DersuWatchTests.release.xcconfig */,
			);
			path = Pods;
			sourceTree = "<group>";
		};
		8300783E282638F700971294 /* Compasses */ = {
			isa = PBXGroup;
			children = (
				834A1F8428169650007DE942 /* Compass.swift */,
				83A01D34283BEF1D00968E05 /* CompassAssembly.swift */,
				8300783F2826394200971294 /* LoxodromeCompass.swift */,
			);
			path = Compasses;
			sourceTree = "<group>";
		};
		830078452826ABD200971294 /* Targets */ = {
			isa = PBXGroup;
			children = (
				830078472826AC5500971294 /* Target.swift */,
				83A01D30283BECED00968E05 /* TargetAssembly.swift */,
				830078502826BCC600971294 /* TargeRepoWrapper.swift */,
				830078582826E4F000971294 /* RestrictedTarget.swift */,
			);
			path = Targets;
			sourceTree = "<group>";
		};
		8300784B2826B2AA00971294 /* Helps */ = {
			isa = PBXGroup;
			children = (
				8300784C2826B2CF00971294 /* SelfUpdated.swift */,
			);
			path = Helps;
			sourceTree = "<group>";
		};
		834A1F8828169732007DE942 /* Structures */ = {
			isa = PBXGroup;
			children = (
				834A1F89281697B9007DE942 /* DerivedLocation.swift */,
				834A1F8D281697F6007DE942 /* Measurement.swift */,
			);
			path = Structures;
			sourceTree = "<group>";
		};
		834D4A2E281598790099464B = {
			isa = PBXGroup;
			children = (
				834D4B7728167CB60099464B /* Shared */,
				834D4A392815987A0099464B /* Dersu */,
				834D4B8D28167F670099464B /* DersuWatch */,
				834D4A382815987A0099464B /* Products */,
				4567E512F35D02B6A832E905 /* Pods */,
				13C398468A91C0DC73F8BB10 /* Frameworks */,
			);
			sourceTree = "<group>";
		};
		834D4A382815987A0099464B /* Products */ = {
			isa = PBXGroup;
			children = (
				834D4A372815987A0099464B /* Dersu.app */,
				834D4A5B2815987E0099464B /* DersuWatchApp.app */,
				834D4A66281598800099464B /* DersuWatchExtension.appex */,
				834D4B992816874A0099464B /* DersuSharedTests.xctest */,
				834D4BA4281687CA0099464B /* DersuTests.xctest */,
				834D4BB1281688450099464B /* DersuWatchTests.xctest */,
			);
			name = Products;
			sourceTree = "<group>";
		};
		834D4A392815987A0099464B /* Dersu */ = {
			isa = PBXGroup;
			children = (
				834D4B8B28167EB20099464B /* Model */,
				834D4B8A28167E790099464B /* ViewModel */,
				834D4B8928167E6C0099464B /* View */,
				834D4B8C28167F3C0099464B /* Tests */,
				834D4A3A2815987A0099464B /* DersuApp.swift */,
				834D4A3E2815987E0099464B /* Assets.xcassets */,
			);
			path = Dersu;
			sourceTree = "<group>";
		};
		834D4A5F2815987E0099464B /* App */ = {
			isa = PBXGroup;
			children = (
				834D4A60281598800099464B /* Assets.xcassets */,
			);
			path = App;
			sourceTree = "<group>";
		};
		834D4A6A281598800099464B /* Extension */ = {
			isa = PBXGroup;
			children = (
				834D4B90281680750099464B /* Model */,
				834D4B8F281680680099464B /* ViewModel */,
				834D4B8E281680620099464B /* View */,
				834D4A6D281598800099464B /* DersuApp.swift */,
				834D4A6F281598800099464B /* ComplicationController.swift */,
				834D4A71281598820099464B /* Assets.xcassets */,
				834D4A76281598820099464B /* Info.plist */,
			);
			path = Extension;
			sourceTree = "<group>";
		};
		834D4A7E281598820099464B /* Tests */ = {
			isa = PBXGroup;
			children = (
				834D4BB3281688450099464B /* DersuWatchTests.swift */,
			);
			path = Tests;
			sourceTree = "<group>";
		};
		834D4B7728167CB60099464B /* Shared */ = {
			isa = PBXGroup;
			children = (
				834D4B7A28167D3E0099464B /* Model */,
				834D4B7928167D2C0099464B /* ViewModel */,
				834D4B7828167D190099464B /* View */,
				834D4B7B28167D4B0099464B /* Tests */,
			);
			path = Shared;
			sourceTree = "<group>";
		};
		834D4B7828167D190099464B /* View */ = {
			isa = PBXGroup;
			children = (
			);
			path = View;
			sourceTree = "<group>";
		};
		834D4B7928167D2C0099464B /* ViewModel */ = {
			isa = PBXGroup;
			children = (
			);
			path = ViewModel;
			sourceTree = "<group>";
		};
		834D4B7A28167D3E0099464B /* Model */ = {
			isa = PBXGroup;
			children = (
				8300784B2826B2AA00971294 /* Helps */,
				834A1F8828169732007DE942 /* Structures */,
				8300783E282638F700971294 /* Compasses */,
				830078452826ABD200971294 /* Targets */,
				83A01D2B283BE60600968E05 /* TargetBag */,
			);
			path = Model;
			sourceTree = "<group>";
		};
		834D4B7B28167D4B0099464B /* Tests */ = {
			isa = PBXGroup;
			children = (
				834D4B9B2816874B0099464B /* DersuSharedTests.swift */,
				83A01D3A283BFE9C00968E05 /* CompassTests.swift */,
				834A1F9A2816B7DF007DE942 /* LoxodromeCompassTests.swift */,
				83A01D3C283C259C00968E05 /* TargetTests.swift */,
				830078542826C28400971294 /* TargetImpl.swift */,
				830078562826C86500971294 /* TargetRepoWrapper.swift */,
				8300785C2826E94800971294 /* TargetRestrictorWrapper.swift */,
				8377CCB1284202890082E176 /* TargetBagTests.swift */,
				83A01D3E283C2C5200968E05 /* TargetBagImpl.swift */,
				8377CCAB2841FBD70082E176 /* TargetBagRepoWrapperTest.swift */,
				8300784328264FAB00971294 /* TestObjFactory.swift */,
			);
			path = Tests;
			sourceTree = "<group>";
		};
		834D4B8928167E6C0099464B /* View */ = {
			isa = PBXGroup;
			children = (
				834D4A3C2815987A0099464B /* ContentView.swift */,
			);
			path = View;
			sourceTree = "<group>";
		};
		834D4B8A28167E790099464B /* ViewModel */ = {
			isa = PBXGroup;
			children = (
			);
			path = ViewModel;
			sourceTree = "<group>";
		};
		834D4B8B28167EB20099464B /* Model */ = {
			isa = PBXGroup;
			children = (
			);
			path = Model;
			sourceTree = "<group>";
		};
		834D4B8C28167F3C0099464B /* Tests */ = {
			isa = PBXGroup;
			children = (
				834D4BA6281687CA0099464B /* DersuTests.swift */,
			);
			path = Tests;
			sourceTree = "<group>";
		};
		834D4B8D28167F670099464B /* DersuWatch */ = {
			isa = PBXGroup;
			children = (
				834D4A6A281598800099464B /* Extension */,
				834D4A5F2815987E0099464B /* App */,
				834D4A7E281598820099464B /* Tests */,
			);
			path = DersuWatch;
			sourceTree = "<group>";
		};
		834D4B8E281680620099464B /* View */ = {
			isa = PBXGroup;
			children = (
				834D4A6B281598800099464B /* ContentView.swift */,
			);
			path = View;
			sourceTree = "<group>";
		};
		834D4B8F281680680099464B /* ViewModel */ = {
			isa = PBXGroup;
			children = (
			);
			path = ViewModel;
			sourceTree = "<group>";
		};
		834D4B90281680750099464B /* Model */ = {
			isa = PBXGroup;
			children = (
			);
			path = Model;
			sourceTree = "<group>";
		};
		83A01D2B283BE60600968E05 /* TargetBag */ = {
			isa = PBXGroup;
			children = (
				83A01D2C283BE65C00968E05 /* TargetBag.swift */,
				8377CCAD284201590082E176 /* TargetBagAssembly.swift */,
				8377CCA3283EC33A0082E176 /* TargetBagRepoWrapper.swift */,
			);
			path = TargetBag;
			sourceTree = "<group>";
		};
/* End PBXGroup section */

/* Begin PBXNativeTarget section */
		834D4A362815987A0099464B /* Dersu */ = {
			isa = PBXNativeTarget;
			buildConfigurationList = 834D4A97281598820099464B /* Build configuration list for PBXNativeTarget "Dersu" */;
			buildPhases = (
				BCA8B1C9DB0049233D800B87 /* [CP] Check Pods Manifest.lock */,
				834D4AA62815A1B00099464B /* Run Linter */,
				834D4A332815987A0099464B /* Sources */,
				834D4A342815987A0099464B /* Frameworks */,
				834D4A352815987A0099464B /* Resources */,
				834D4A96281598820099464B /* Embed Watch Content */,
				A370B5A9944B5ECCE7C66D5C /* [CP] Embed Pods Frameworks */,
			);
			buildRules = (
			);
			dependencies = (
				834D4A5E2815987E0099464B /* PBXTargetDependency */,
			);
			name = Dersu;
			productName = Dersu;
			productReference = 834D4A372815987A0099464B /* Dersu.app */;
			productType = "com.apple.product-type.application";
		};
		834D4A5A2815987E0099464B /* DersuWatchApp */ = {
			isa = PBXNativeTarget;
			buildConfigurationList = 834D4A93281598820099464B /* Build configuration list for PBXNativeTarget "DersuWatchApp" */;
			buildPhases = (
				A997A85DC382BC13C751AAE4 /* [CP] Check Pods Manifest.lock */,
				834D4B922816828C0099464B /* Run Linter */,
				834D4A592815987E0099464B /* Resources */,
				834D4A92281598820099464B /* Embed App Extensions */,
				D70DC7C26CDF3F195F3663FF /* Frameworks */,
			);
			buildRules = (
			);
			dependencies = (
				834D4A69281598800099464B /* PBXTargetDependency */,
			);
			name = DersuWatchApp;
			productName = "Dersu WatchKit App";
			productReference = 834D4A5B2815987E0099464B /* DersuWatchApp.app */;
			productType = "com.apple.product-type.application.watchapp2";
		};
		834D4A65281598800099464B /* DersuWatchExtension */ = {
			isa = PBXNativeTarget;
			buildConfigurationList = 834D4A8F281598820099464B /* Build configuration list for PBXNativeTarget "DersuWatchExtension" */;
			buildPhases = (
				844ABFE0D7430611050CA4C3 /* [CP] Check Pods Manifest.lock */,
				834D4AA72815A25C0099464B /* Run Linter */,
				834D4A62281598800099464B /* Sources */,
				834D4A63281598800099464B /* Frameworks */,
				834D4A64281598800099464B /* Resources */,
				F350C7447F17964777F4B14E /* [CP] Embed Pods Frameworks */,
			);
			buildRules = (
			);
			dependencies = (
			);
			name = DersuWatchExtension;
			productName = "Dersu WatchKit Extension";
			productReference = 834D4A66281598800099464B /* DersuWatchExtension.appex */;
			productType = "com.apple.product-type.watchkit2-extension";
		};
		834D4B982816874A0099464B /* DersuSharedTests */ = {
			isa = PBXNativeTarget;
			buildConfigurationList = 834D4B9D2816874B0099464B /* Build configuration list for PBXNativeTarget "DersuSharedTests" */;
			buildPhases = (
				C5692C3263C98E0F6AF74A4F /* [CP] Check Pods Manifest.lock */,
				834D4B952816874A0099464B /* Sources */,
				834D4B962816874A0099464B /* Frameworks */,
				834D4B972816874A0099464B /* Resources */,
				0C7CBCE6F72E883824239DC9 /* [CP] Embed Pods Frameworks */,
			);
			buildRules = (
			);
			dependencies = (
			);
			name = DersuSharedTests;
			productName = DersuSharedTests;
			productReference = 834D4B992816874A0099464B /* DersuSharedTests.xctest */;
			productType = "com.apple.product-type.bundle.unit-test";
		};
		834D4BA3281687CA0099464B /* DersuTests */ = {
			isa = PBXNativeTarget;
			buildConfigurationList = 834D4BAA281687CA0099464B /* Build configuration list for PBXNativeTarget "DersuTests" */;
			buildPhases = (
				1AF40A486B784A1CDB94F7DD /* [CP] Check Pods Manifest.lock */,
				834D4BA0281687CA0099464B /* Sources */,
				834D4BA1281687CA0099464B /* Frameworks */,
				834D4BA2281687CA0099464B /* Resources */,
			);
			buildRules = (
			);
			dependencies = (
				834D4BA9281687CA0099464B /* PBXTargetDependency */,
			);
			name = DersuTests;
			productName = DersuTests;
			productReference = 834D4BA4281687CA0099464B /* DersuTests.xctest */;
			productType = "com.apple.product-type.bundle.unit-test";
		};
		834D4BB0281688450099464B /* DersuWatchTests */ = {
			isa = PBXNativeTarget;
			buildConfigurationList = 834D4BB7281688450099464B /* Build configuration list for PBXNativeTarget "DersuWatchTests" */;
			buildPhases = (
				EA644019F57BA98BE9C0E2BD /* [CP] Check Pods Manifest.lock */,
				834D4BAD281688450099464B /* Sources */,
				834D4BAE281688450099464B /* Frameworks */,
				834D4BAF281688450099464B /* Resources */,
			);
			buildRules = (
			);
			dependencies = (
				834D4BB6281688450099464B /* PBXTargetDependency */,
			);
			name = DersuWatchTests;
			productName = DersuWatchTests;
			productReference = 834D4BB1281688450099464B /* DersuWatchTests.xctest */;
			productType = "com.apple.product-type.bundle.unit-test";
		};
/* End PBXNativeTarget section */

/* Begin PBXProject section */
		834D4A2F281598790099464B /* Project object */ = {
			isa = PBXProject;
			attributes = {
				BuildIndependentTargetsInParallel = 1;
				LastSwiftUpdateCheck = 1330;
				LastUpgradeCheck = 1330;
				TargetAttributes = {
					834D4A362815987A0099464B = {
						CreatedOnToolsVersion = 13.3.1;
					};
					834D4A5A2815987E0099464B = {
						CreatedOnToolsVersion = 13.3.1;
						LastSwiftMigration = 1330;
					};
					834D4A65281598800099464B = {
						CreatedOnToolsVersion = 13.3.1;
					};
					834D4B982816874A0099464B = {
						CreatedOnToolsVersion = 13.3.1;
					};
					834D4BA3281687CA0099464B = {
						CreatedOnToolsVersion = 13.3.1;
						TestTargetID = 834D4A362815987A0099464B;
					};
					834D4BB0281688450099464B = {
						CreatedOnToolsVersion = 13.3.1;
						TestTargetID = 834D4A65281598800099464B;
					};
				};
			};
			buildConfigurationList = 834D4A32281598790099464B /* Build configuration list for PBXProject "Dersu" */;
			compatibilityVersion = "Xcode 13.0";
			developmentRegion = en;
			hasScannedForEncodings = 0;
			knownRegions = (
				en,
				Base,
			);
			mainGroup = 834D4A2E281598790099464B;
			productRefGroup = 834D4A382815987A0099464B /* Products */;
			projectDirPath = "";
			projectRoot = "";
			targets = (
				834D4A362815987A0099464B /* Dersu */,
				834D4A5A2815987E0099464B /* DersuWatchApp */,
				834D4A65281598800099464B /* DersuWatchExtension */,
				834D4B982816874A0099464B /* DersuSharedTests */,
				834D4BA3281687CA0099464B /* DersuTests */,
				834D4BB0281688450099464B /* DersuWatchTests */,
			);
		};
/* End PBXProject section */

/* Begin PBXResourcesBuildPhase section */
		834D4A352815987A0099464B /* Resources */ = {
			isa = PBXResourcesBuildPhase;
			buildActionMask = 2147483647;
			files = (
				834D4A3F2815987E0099464B /* Assets.xcassets in Resources */,
			);
			runOnlyForDeploymentPostprocessing = 0;
		};
		834D4A592815987E0099464B /* Resources */ = {
			isa = PBXResourcesBuildPhase;
			buildActionMask = 2147483647;
			files = (
				834D4A61281598800099464B /* Assets.xcassets in Resources */,
			);
			runOnlyForDeploymentPostprocessing = 0;
		};
		834D4A64281598800099464B /* Resources */ = {
			isa = PBXResourcesBuildPhase;
			buildActionMask = 2147483647;
			files = (
				834D4A72281598820099464B /* Assets.xcassets in Resources */,
			);
			runOnlyForDeploymentPostprocessing = 0;
		};
		834D4B972816874A0099464B /* Resources */ = {
			isa = PBXResourcesBuildPhase;
			buildActionMask = 2147483647;
			files = (
			);
			runOnlyForDeploymentPostprocessing = 0;
		};
		834D4BA2281687CA0099464B /* Resources */ = {
			isa = PBXResourcesBuildPhase;
			buildActionMask = 2147483647;
			files = (
			);
			runOnlyForDeploymentPostprocessing = 0;
		};
		834D4BAF281688450099464B /* Resources */ = {
			isa = PBXResourcesBuildPhase;
			buildActionMask = 2147483647;
			files = (
			);
			runOnlyForDeploymentPostprocessing = 0;
		};
/* End PBXResourcesBuildPhase section */

/* Begin PBXShellScriptBuildPhase section */
		0C7CBCE6F72E883824239DC9 /* [CP] Embed Pods Frameworks */ = {
			isa = PBXShellScriptBuildPhase;
			buildActionMask = 2147483647;
			files = (
			);
			inputFileListPaths = (
				"${PODS_ROOT}/Target Support Files/Pods-DersuSharedTests/Pods-DersuSharedTests-frameworks-${CONFIGURATION}-input-files.xcfilelist",
			);
			name = "[CP] Embed Pods Frameworks";
			outputFileListPaths = (
				"${PODS_ROOT}/Target Support Files/Pods-DersuSharedTests/Pods-DersuSharedTests-frameworks-${CONFIGURATION}-output-files.xcfilelist",
			);
			runOnlyForDeploymentPostprocessing = 0;
			shellPath = /bin/sh;
			shellScript = "\"${PODS_ROOT}/Target Support Files/Pods-DersuSharedTests/Pods-DersuSharedTests-frameworks.sh\"\n";
			showEnvVarsInLog = 0;
		};
		1AF40A486B784A1CDB94F7DD /* [CP] Check Pods Manifest.lock */ = {
			isa = PBXShellScriptBuildPhase;
			buildActionMask = 2147483647;
			files = (
			);
			inputFileListPaths = (
			);
			inputPaths = (
				"${PODS_PODFILE_DIR_PATH}/Podfile.lock",
				"${PODS_ROOT}/Manifest.lock",
			);
			name = "[CP] Check Pods Manifest.lock";
			outputFileListPaths = (
			);
			outputPaths = (
				"$(DERIVED_FILE_DIR)/Pods-DersuTests-checkManifestLockResult.txt",
			);
			runOnlyForDeploymentPostprocessing = 0;
			shellPath = /bin/sh;
			shellScript = "diff \"${PODS_PODFILE_DIR_PATH}/Podfile.lock\" \"${PODS_ROOT}/Manifest.lock\" > /dev/null\nif [ $? != 0 ] ; then\n    # print error to STDERR\n    echo \"error: The sandbox is not in sync with the Podfile.lock. Run 'pod install' or update your CocoaPods installation.\" >&2\n    exit 1\nfi\n# This output is used by Xcode 'outputs' to avoid re-running this script phase.\necho \"SUCCESS\" > \"${SCRIPT_OUTPUT_FILE_0}\"\n";
			showEnvVarsInLog = 0;
		};
		834D4AA62815A1B00099464B /* Run Linter */ = {
			isa = PBXShellScriptBuildPhase;
			buildActionMask = 2147483647;
			files = (
			);
			inputFileListPaths = (
			);
			inputPaths = (
			);
			name = "Run Linter";
			outputFileListPaths = (
			);
			outputPaths = (
			);
			runOnlyForDeploymentPostprocessing = 0;
			shellPath = /bin/sh;
			shellScript = "\"${PODS_ROOT}/SwiftLint/swiftlint\"\n";
		};
		834D4AA72815A25C0099464B /* Run Linter */ = {
			isa = PBXShellScriptBuildPhase;
			buildActionMask = 2147483647;
			files = (
			);
			inputFileListPaths = (
			);
			inputPaths = (
			);
			name = "Run Linter";
			outputFileListPaths = (
			);
			outputPaths = (
			);
			runOnlyForDeploymentPostprocessing = 0;
			shellPath = /bin/sh;
			shellScript = "\"${PODS_ROOT}/SwiftLint/swiftlint\"\n";
		};
		834D4B922816828C0099464B /* Run Linter */ = {
			isa = PBXShellScriptBuildPhase;
			buildActionMask = 2147483647;
			files = (
			);
			inputFileListPaths = (
			);
			inputPaths = (
			);
			name = "Run Linter";
			outputFileListPaths = (
			);
			outputPaths = (
			);
			runOnlyForDeploymentPostprocessing = 0;
			shellPath = /bin/sh;
			shellScript = "\"${PODS_ROOT}/SwiftLint/swiftlint\"\n";
		};
		844ABFE0D7430611050CA4C3 /* [CP] Check Pods Manifest.lock */ = {
			isa = PBXShellScriptBuildPhase;
			buildActionMask = 2147483647;
			files = (
			);
			inputFileListPaths = (
			);
			inputPaths = (
				"${PODS_PODFILE_DIR_PATH}/Podfile.lock",
				"${PODS_ROOT}/Manifest.lock",
			);
			name = "[CP] Check Pods Manifest.lock";
			outputFileListPaths = (
			);
			outputPaths = (
				"$(DERIVED_FILE_DIR)/Pods-DersuWatchExtension-checkManifestLockResult.txt",
			);
			runOnlyForDeploymentPostprocessing = 0;
			shellPath = /bin/sh;
			shellScript = "diff \"${PODS_PODFILE_DIR_PATH}/Podfile.lock\" \"${PODS_ROOT}/Manifest.lock\" > /dev/null\nif [ $? != 0 ] ; then\n    # print error to STDERR\n    echo \"error: The sandbox is not in sync with the Podfile.lock. Run 'pod install' or update your CocoaPods installation.\" >&2\n    exit 1\nfi\n# This output is used by Xcode 'outputs' to avoid re-running this script phase.\necho \"SUCCESS\" > \"${SCRIPT_OUTPUT_FILE_0}\"\n";
			showEnvVarsInLog = 0;
		};
		A370B5A9944B5ECCE7C66D5C /* [CP] Embed Pods Frameworks */ = {
			isa = PBXShellScriptBuildPhase;
			buildActionMask = 2147483647;
			files = (
			);
			inputFileListPaths = (
				"${PODS_ROOT}/Target Support Files/Pods-Dersu/Pods-Dersu-frameworks-${CONFIGURATION}-input-files.xcfilelist",
			);
			name = "[CP] Embed Pods Frameworks";
			outputFileListPaths = (
				"${PODS_ROOT}/Target Support Files/Pods-Dersu/Pods-Dersu-frameworks-${CONFIGURATION}-output-files.xcfilelist",
			);
			runOnlyForDeploymentPostprocessing = 0;
			shellPath = /bin/sh;
			shellScript = "\"${PODS_ROOT}/Target Support Files/Pods-Dersu/Pods-Dersu-frameworks.sh\"\n";
			showEnvVarsInLog = 0;
		};
		A997A85DC382BC13C751AAE4 /* [CP] Check Pods Manifest.lock */ = {
			isa = PBXShellScriptBuildPhase;
			buildActionMask = 2147483647;
			files = (
			);
			inputFileListPaths = (
			);
			inputPaths = (
				"${PODS_PODFILE_DIR_PATH}/Podfile.lock",
				"${PODS_ROOT}/Manifest.lock",
			);
			name = "[CP] Check Pods Manifest.lock";
			outputFileListPaths = (
			);
			outputPaths = (
				"$(DERIVED_FILE_DIR)/Pods-DersuWatchApp-checkManifestLockResult.txt",
			);
			runOnlyForDeploymentPostprocessing = 0;
			shellPath = /bin/sh;
			shellScript = "diff \"${PODS_PODFILE_DIR_PATH}/Podfile.lock\" \"${PODS_ROOT}/Manifest.lock\" > /dev/null\nif [ $? != 0 ] ; then\n    # print error to STDERR\n    echo \"error: The sandbox is not in sync with the Podfile.lock. Run 'pod install' or update your CocoaPods installation.\" >&2\n    exit 1\nfi\n# This output is used by Xcode 'outputs' to avoid re-running this script phase.\necho \"SUCCESS\" > \"${SCRIPT_OUTPUT_FILE_0}\"\n";
			showEnvVarsInLog = 0;
		};
		BCA8B1C9DB0049233D800B87 /* [CP] Check Pods Manifest.lock */ = {
			isa = PBXShellScriptBuildPhase;
			buildActionMask = 2147483647;
			files = (
			);
			inputFileListPaths = (
			);
			inputPaths = (
				"${PODS_PODFILE_DIR_PATH}/Podfile.lock",
				"${PODS_ROOT}/Manifest.lock",
			);
			name = "[CP] Check Pods Manifest.lock";
			outputFileListPaths = (
			);
			outputPaths = (
				"$(DERIVED_FILE_DIR)/Pods-Dersu-checkManifestLockResult.txt",
			);
			runOnlyForDeploymentPostprocessing = 0;
			shellPath = /bin/sh;
			shellScript = "diff \"${PODS_PODFILE_DIR_PATH}/Podfile.lock\" \"${PODS_ROOT}/Manifest.lock\" > /dev/null\nif [ $? != 0 ] ; then\n    # print error to STDERR\n    echo \"error: The sandbox is not in sync with the Podfile.lock. Run 'pod install' or update your CocoaPods installation.\" >&2\n    exit 1\nfi\n# This output is used by Xcode 'outputs' to avoid re-running this script phase.\necho \"SUCCESS\" > \"${SCRIPT_OUTPUT_FILE_0}\"\n";
			showEnvVarsInLog = 0;
		};
		C5692C3263C98E0F6AF74A4F /* [CP] Check Pods Manifest.lock */ = {
			isa = PBXShellScriptBuildPhase;
			buildActionMask = 2147483647;
			files = (
			);
			inputFileListPaths = (
			);
			inputPaths = (
				"${PODS_PODFILE_DIR_PATH}/Podfile.lock",
				"${PODS_ROOT}/Manifest.lock",
			);
			name = "[CP] Check Pods Manifest.lock";
			outputFileListPaths = (
			);
			outputPaths = (
				"$(DERIVED_FILE_DIR)/Pods-DersuSharedTests-checkManifestLockResult.txt",
			);
			runOnlyForDeploymentPostprocessing = 0;
			shellPath = /bin/sh;
			shellScript = "diff \"${PODS_PODFILE_DIR_PATH}/Podfile.lock\" \"${PODS_ROOT}/Manifest.lock\" > /dev/null\nif [ $? != 0 ] ; then\n    # print error to STDERR\n    echo \"error: The sandbox is not in sync with the Podfile.lock. Run 'pod install' or update your CocoaPods installation.\" >&2\n    exit 1\nfi\n# This output is used by Xcode 'outputs' to avoid re-running this script phase.\necho \"SUCCESS\" > \"${SCRIPT_OUTPUT_FILE_0}\"\n";
			showEnvVarsInLog = 0;
		};
		EA644019F57BA98BE9C0E2BD /* [CP] Check Pods Manifest.lock */ = {
			isa = PBXShellScriptBuildPhase;
			buildActionMask = 2147483647;
			files = (
			);
			inputFileListPaths = (
			);
			inputPaths = (
				"${PODS_PODFILE_DIR_PATH}/Podfile.lock",
				"${PODS_ROOT}/Manifest.lock",
			);
			name = "[CP] Check Pods Manifest.lock";
			outputFileListPaths = (
			);
			outputPaths = (
				"$(DERIVED_FILE_DIR)/Pods-DersuWatchTests-checkManifestLockResult.txt",
			);
			runOnlyForDeploymentPostprocessing = 0;
			shellPath = /bin/sh;
			shellScript = "diff \"${PODS_PODFILE_DIR_PATH}/Podfile.lock\" \"${PODS_ROOT}/Manifest.lock\" > /dev/null\nif [ $? != 0 ] ; then\n    # print error to STDERR\n    echo \"error: The sandbox is not in sync with the Podfile.lock. Run 'pod install' or update your CocoaPods installation.\" >&2\n    exit 1\nfi\n# This output is used by Xcode 'outputs' to avoid re-running this script phase.\necho \"SUCCESS\" > \"${SCRIPT_OUTPUT_FILE_0}\"\n";
			showEnvVarsInLog = 0;
		};
		F350C7447F17964777F4B14E /* [CP] Embed Pods Frameworks */ = {
			isa = PBXShellScriptBuildPhase;
			buildActionMask = 2147483647;
			files = (
			);
			inputFileListPaths = (
				"${PODS_ROOT}/Target Support Files/Pods-DersuWatchExtension/Pods-DersuWatchExtension-frameworks-${CONFIGURATION}-input-files.xcfilelist",
			);
			name = "[CP] Embed Pods Frameworks";
			outputFileListPaths = (
				"${PODS_ROOT}/Target Support Files/Pods-DersuWatchExtension/Pods-DersuWatchExtension-frameworks-${CONFIGURATION}-output-files.xcfilelist",
			);
			runOnlyForDeploymentPostprocessing = 0;
			shellPath = /bin/sh;
			shellScript = "\"${PODS_ROOT}/Target Support Files/Pods-DersuWatchExtension/Pods-DersuWatchExtension-frameworks.sh\"\n";
			showEnvVarsInLog = 0;
		};
/* End PBXShellScriptBuildPhase section */

/* Begin PBXSourcesBuildPhase section */
		834D4A332815987A0099464B /* Sources */ = {
			isa = PBXSourcesBuildPhase;
			buildActionMask = 2147483647;
			files = (
				83A01D35283BEF1D00968E05 /* CompassAssembly.swift in Sources */,
				83A01D2D283BE65C00968E05 /* TargetBag.swift in Sources */,
				830078402826394200971294 /* LoxodromeCompass.swift in Sources */,
				834D4A3D2815987A0099464B /* ContentView.swift in Sources */,
				8377CCAE284201590082E176 /* TargetBagAssembly.swift in Sources */,
				8300784D2826B2CF00971294 /* SelfUpdated.swift in Sources */,
				830078482826AC5500971294 /* Target.swift in Sources */,
				834D4A3B2815987A0099464B /* DersuApp.swift in Sources */,
				830078512826BCC600971294 /* TargeRepoWrapper.swift in Sources */,
				834A1F8E281697F6007DE942 /* Measurement.swift in Sources */,
				834A1F8A281697B9007DE942 /* DerivedLocation.swift in Sources */,
				834A1F8528169650007DE942 /* Compass.swift in Sources */,
				8377CCA4283EC33B0082E176 /* TargetBagRepoWrapper.swift in Sources */,
				83A01D31283BECED00968E05 /* TargetAssembly.swift in Sources */,
				830078592826E4F000971294 /* RestrictedTarget.swift in Sources */,
			);
			runOnlyForDeploymentPostprocessing = 0;
		};
		834D4A62281598800099464B /* Sources */ = {
			isa = PBXSourcesBuildPhase;
			buildActionMask = 2147483647;
			files = (
				834D4A6C281598800099464B /* ContentView.swift in Sources */,
				834D4A6E281598800099464B /* DersuApp.swift in Sources */,
				834A1F8F281697F6007DE942 /* Measurement.swift in Sources */,
				8377CCAF284201590082E176 /* TargetBagAssembly.swift in Sources */,
				830078522826BCC600971294 /* TargeRepoWrapper.swift in Sources */,
				8300785A2826E4F000971294 /* RestrictedTarget.swift in Sources */,
				830078412826394200971294 /* LoxodromeCompass.swift in Sources */,
				8377CCA5283EC33B0082E176 /* TargetBagRepoWrapper.swift in Sources */,
				834A1F8628169650007DE942 /* Compass.swift in Sources */,
				834A1F8B281697B9007DE942 /* DerivedLocation.swift in Sources */,
				83A01D36283BEF1D00968E05 /* CompassAssembly.swift in Sources */,
				83A01D32283BECED00968E05 /* TargetAssembly.swift in Sources */,
				8300784A2826AC6E00971294 /* Target.swift in Sources */,
				834D4A70281598800099464B /* ComplicationController.swift in Sources */,
				8300784E2826B2CF00971294 /* SelfUpdated.swift in Sources */,
				83A01D2E283BE65C00968E05 /* TargetBag.swift in Sources */,
			);
			runOnlyForDeploymentPostprocessing = 0;
		};
		834D4B952816874A0099464B /* Sources */ = {
			isa = PBXSourcesBuildPhase;
			buildActionMask = 2147483647;
			files = (
				8300785B2826E4F000971294 /* RestrictedTarget.swift in Sources */,
				8377CCAC2841FBD70082E176 /* TargetBagRepoWrapperTest.swift in Sources */,
				830078552826C28400971294 /* TargetImpl.swift in Sources */,
				830078422826394200971294 /* LoxodromeCompass.swift in Sources */,
				834A1F8C281697B9007DE942 /* DerivedLocation.swift in Sources */,
				834A1F9B2816B7DF007DE942 /* LoxodromeCompassTests.swift in Sources */,
				8300785D2826E94800971294 /* TargetRestrictorWrapper.swift in Sources */,
				83A01D33283BECED00968E05 /* TargetAssembly.swift in Sources */,
				830078532826BCC600971294 /* TargeRepoWrapper.swift in Sources */,
				83A01D3B283BFE9C00968E05 /* CompassTests.swift in Sources */,
				83A01D3F283C2C5200968E05 /* TargetBagImpl.swift in Sources */,
				834A1F8728169650007DE942 /* Compass.swift in Sources */,
				830078572826C86500971294 /* TargetRepoWrapper.swift in Sources */,
				8300784428264FAB00971294 /* TestObjFactory.swift in Sources */,
				83A01D37283BEF1D00968E05 /* CompassAssembly.swift in Sources */,
				8377CCB0284201590082E176 /* TargetBagAssembly.swift in Sources */,
				834A1F90281697F6007DE942 /* Measurement.swift in Sources */,
				83A01D2F283BE65C00968E05 /* TargetBag.swift in Sources */,
				830078492826AC5500971294 /* Target.swift in Sources */,
				8377CCB2284202890082E176 /* TargetBagTests.swift in Sources */,
				834D4B9C2816874B0099464B /* DersuSharedTests.swift in Sources */,
				8377CCA6283EC33B0082E176 /* TargetBagRepoWrapper.swift in Sources */,
				8300784F2826B2CF00971294 /* SelfUpdated.swift in Sources */,
				83A01D3D283C259C00968E05 /* TargetTests.swift in Sources */,
			);
			runOnlyForDeploymentPostprocessing = 0;
		};
		834D4BA0281687CA0099464B /* Sources */ = {
			isa = PBXSourcesBuildPhase;
			buildActionMask = 2147483647;
			files = (
				834D4BA7281687CA0099464B /* DersuTests.swift in Sources */,
			);
			runOnlyForDeploymentPostprocessing = 0;
		};
		834D4BAD281688450099464B /* Sources */ = {
			isa = PBXSourcesBuildPhase;
			buildActionMask = 2147483647;
			files = (
				834D4BB4281688450099464B /* DersuWatchTests.swift in Sources */,
			);
			runOnlyForDeploymentPostprocessing = 0;
		};
/* End PBXSourcesBuildPhase section */

/* Begin PBXTargetDependency section */
		834D4A5E2815987E0099464B /* PBXTargetDependency */ = {
			isa = PBXTargetDependency;
			target = 834D4A5A2815987E0099464B /* DersuWatchApp */;
			targetProxy = 834D4A5D2815987E0099464B /* PBXContainerItemProxy */;
		};
		834D4A69281598800099464B /* PBXTargetDependency */ = {
			isa = PBXTargetDependency;
			target = 834D4A65281598800099464B /* DersuWatchExtension */;
			targetProxy = 834D4A68281598800099464B /* PBXContainerItemProxy */;
		};
		834D4BA9281687CA0099464B /* PBXTargetDependency */ = {
			isa = PBXTargetDependency;
			target = 834D4A362815987A0099464B /* Dersu */;
			targetProxy = 834D4BA8281687CA0099464B /* PBXContainerItemProxy */;
		};
		834D4BB6281688450099464B /* PBXTargetDependency */ = {
			isa = PBXTargetDependency;
			target = 834D4A65281598800099464B /* DersuWatchExtension */;
			targetProxy = 834D4BB5281688450099464B /* PBXContainerItemProxy */;
		};
/* End PBXTargetDependency section */

/* Begin XCBuildConfiguration section */
		834D4A8D281598820099464B /* Debug */ = {
			isa = XCBuildConfiguration;
			buildSettings = {
				ALWAYS_SEARCH_USER_PATHS = NO;
				CLANG_ANALYZER_NONNULL = YES;
				CLANG_ANALYZER_NUMBER_OBJECT_CONVERSION = YES_AGGRESSIVE;
				CLANG_CXX_LANGUAGE_STANDARD = "gnu++17";
				CLANG_ENABLE_MODULES = YES;
				CLANG_ENABLE_OBJC_ARC = YES;
				CLANG_ENABLE_OBJC_WEAK = YES;
				CLANG_WARN_BLOCK_CAPTURE_AUTORELEASING = YES;
				CLANG_WARN_BOOL_CONVERSION = YES;
				CLANG_WARN_COMMA = YES;
				CLANG_WARN_CONSTANT_CONVERSION = YES;
				CLANG_WARN_DEPRECATED_OBJC_IMPLEMENTATIONS = YES;
				CLANG_WARN_DIRECT_OBJC_ISA_USAGE = YES_ERROR;
				CLANG_WARN_DOCUMENTATION_COMMENTS = YES;
				CLANG_WARN_EMPTY_BODY = YES;
				CLANG_WARN_ENUM_CONVERSION = YES;
				CLANG_WARN_INFINITE_RECURSION = YES;
				CLANG_WARN_INT_CONVERSION = YES;
				CLANG_WARN_NON_LITERAL_NULL_CONVERSION = YES;
				CLANG_WARN_OBJC_IMPLICIT_RETAIN_SELF = YES;
				CLANG_WARN_OBJC_LITERAL_CONVERSION = YES;
				CLANG_WARN_OBJC_ROOT_CLASS = YES_ERROR;
				CLANG_WARN_QUOTED_INCLUDE_IN_FRAMEWORK_HEADER = YES;
				CLANG_WARN_RANGE_LOOP_ANALYSIS = YES;
				CLANG_WARN_STRICT_PROTOTYPES = YES;
				CLANG_WARN_SUSPICIOUS_MOVE = YES;
				CLANG_WARN_UNGUARDED_AVAILABILITY = YES_AGGRESSIVE;
				CLANG_WARN_UNREACHABLE_CODE = YES;
				CLANG_WARN__DUPLICATE_METHOD_MATCH = YES;
				COPY_PHASE_STRIP = NO;
				DEBUG_INFORMATION_FORMAT = dwarf;
				ENABLE_STRICT_OBJC_MSGSEND = YES;
				ENABLE_TESTABILITY = YES;
				GCC_C_LANGUAGE_STANDARD = gnu11;
				GCC_DYNAMIC_NO_PIC = NO;
				GCC_NO_COMMON_BLOCKS = YES;
				GCC_OPTIMIZATION_LEVEL = 0;
				GCC_PREPROCESSOR_DEFINITIONS = (
					"DEBUG=1",
					"$(inherited)",
				);
				GCC_WARN_64_TO_32_BIT_CONVERSION = YES;
				GCC_WARN_ABOUT_RETURN_TYPE = YES_ERROR;
				GCC_WARN_UNDECLARED_SELECTOR = YES;
				GCC_WARN_UNINITIALIZED_AUTOS = YES_AGGRESSIVE;
				GCC_WARN_UNUSED_FUNCTION = YES;
				GCC_WARN_UNUSED_VARIABLE = YES;
				MTL_ENABLE_DEBUG_INFO = INCLUDE_SOURCE;
				MTL_FAST_MATH = YES;
				ONLY_ACTIVE_ARCH = YES;
				SWIFT_ACTIVE_COMPILATION_CONDITIONS = DEBUG;
				SWIFT_OPTIMIZATION_LEVEL = "-Onone";
			};
			name = Debug;
		};
		834D4A8E281598820099464B /* Release */ = {
			isa = XCBuildConfiguration;
			buildSettings = {
				ALWAYS_SEARCH_USER_PATHS = NO;
				CLANG_ANALYZER_NONNULL = YES;
				CLANG_ANALYZER_NUMBER_OBJECT_CONVERSION = YES_AGGRESSIVE;
				CLANG_CXX_LANGUAGE_STANDARD = "gnu++17";
				CLANG_ENABLE_MODULES = YES;
				CLANG_ENABLE_OBJC_ARC = YES;
				CLANG_ENABLE_OBJC_WEAK = YES;
				CLANG_WARN_BLOCK_CAPTURE_AUTORELEASING = YES;
				CLANG_WARN_BOOL_CONVERSION = YES;
				CLANG_WARN_COMMA = YES;
				CLANG_WARN_CONSTANT_CONVERSION = YES;
				CLANG_WARN_DEPRECATED_OBJC_IMPLEMENTATIONS = YES;
				CLANG_WARN_DIRECT_OBJC_ISA_USAGE = YES_ERROR;
				CLANG_WARN_DOCUMENTATION_COMMENTS = YES;
				CLANG_WARN_EMPTY_BODY = YES;
				CLANG_WARN_ENUM_CONVERSION = YES;
				CLANG_WARN_INFINITE_RECURSION = YES;
				CLANG_WARN_INT_CONVERSION = YES;
				CLANG_WARN_NON_LITERAL_NULL_CONVERSION = YES;
				CLANG_WARN_OBJC_IMPLICIT_RETAIN_SELF = YES;
				CLANG_WARN_OBJC_LITERAL_CONVERSION = YES;
				CLANG_WARN_OBJC_ROOT_CLASS = YES_ERROR;
				CLANG_WARN_QUOTED_INCLUDE_IN_FRAMEWORK_HEADER = YES;
				CLANG_WARN_RANGE_LOOP_ANALYSIS = YES;
				CLANG_WARN_STRICT_PROTOTYPES = YES;
				CLANG_WARN_SUSPICIOUS_MOVE = YES;
				CLANG_WARN_UNGUARDED_AVAILABILITY = YES_AGGRESSIVE;
				CLANG_WARN_UNREACHABLE_CODE = YES;
				CLANG_WARN__DUPLICATE_METHOD_MATCH = YES;
				COPY_PHASE_STRIP = NO;
				DEBUG_INFORMATION_FORMAT = "dwarf-with-dsym";
				ENABLE_NS_ASSERTIONS = NO;
				ENABLE_STRICT_OBJC_MSGSEND = YES;
				GCC_C_LANGUAGE_STANDARD = gnu11;
				GCC_NO_COMMON_BLOCKS = YES;
				GCC_WARN_64_TO_32_BIT_CONVERSION = YES;
				GCC_WARN_ABOUT_RETURN_TYPE = YES_ERROR;
				GCC_WARN_UNDECLARED_SELECTOR = YES;
				GCC_WARN_UNINITIALIZED_AUTOS = YES_AGGRESSIVE;
				GCC_WARN_UNUSED_FUNCTION = YES;
				GCC_WARN_UNUSED_VARIABLE = YES;
				MTL_ENABLE_DEBUG_INFO = NO;
				MTL_FAST_MATH = YES;
				SWIFT_COMPILATION_MODE = wholemodule;
				SWIFT_OPTIMIZATION_LEVEL = "-O";
			};
			name = Release;
		};
		834D4A90281598820099464B /* Debug */ = {
			isa = XCBuildConfiguration;
			baseConfigurationReference = CE864842D3C140FF9D21970B /* Pods-DersuWatchExtension.debug.xcconfig */;
			buildSettings = {
				ASSETCATALOG_COMPILER_COMPLICATION_NAME = Complication;
				CODE_SIGN_STYLE = Automatic;
				CURRENT_PROJECT_VERSION = 1;
				DEVELOPMENT_ASSET_PATHS = "";
				DEVELOPMENT_TEAM = 3TNZ35SGHD;
				ENABLE_PREVIEWS = YES;
				GENERATE_INFOPLIST_FILE = YES;
				INFOPLIST_FILE = DersuWatch/Extension/Info.plist;
				INFOPLIST_KEY_CFBundleDisplayName = "Dersu WatchKit Extension";
				INFOPLIST_KEY_CLKComplicationPrincipalClass = "$(PRODUCT_MODULE_NAME).ComplicationController";
				INFOPLIST_KEY_NSHumanReadableCopyright = "";
				INFOPLIST_KEY_WKRunsIndependentlyOfCompanionApp = YES;
				LD_RUNPATH_SEARCH_PATHS = (
					"$(inherited)",
					"@executable_path/Frameworks",
					"@executable_path/../../Frameworks",
				);
				MARKETING_VERSION = 1.0;
				PRODUCT_BUNDLE_IDENTIFIER = DanilaG.Dersu.watchkitapp.watchkitextension;
				PRODUCT_NAME = "${TARGET_NAME}";
				SDKROOT = watchos;
				SKIP_INSTALL = YES;
				SWIFT_EMIT_LOC_STRINGS = YES;
				SWIFT_VERSION = 5.0;
				TARGETED_DEVICE_FAMILY = 4;
				WATCHOS_DEPLOYMENT_TARGET = 8.5;
			};
			name = Debug;
		};
		834D4A91281598820099464B /* Release */ = {
			isa = XCBuildConfiguration;
			baseConfigurationReference = 1107309B22754C7510F2351D /* Pods-DersuWatchExtension.release.xcconfig */;
			buildSettings = {
				ASSETCATALOG_COMPILER_COMPLICATION_NAME = Complication;
				CODE_SIGN_STYLE = Automatic;
				CURRENT_PROJECT_VERSION = 1;
				DEVELOPMENT_ASSET_PATHS = "";
				DEVELOPMENT_TEAM = 3TNZ35SGHD;
				ENABLE_PREVIEWS = YES;
				GENERATE_INFOPLIST_FILE = YES;
				INFOPLIST_FILE = DersuWatch/Extension/Info.plist;
				INFOPLIST_KEY_CFBundleDisplayName = "Dersu WatchKit Extension";
				INFOPLIST_KEY_CLKComplicationPrincipalClass = "$(PRODUCT_MODULE_NAME).ComplicationController";
				INFOPLIST_KEY_NSHumanReadableCopyright = "";
				INFOPLIST_KEY_WKRunsIndependentlyOfCompanionApp = YES;
				LD_RUNPATH_SEARCH_PATHS = (
					"$(inherited)",
					"@executable_path/Frameworks",
					"@executable_path/../../Frameworks",
				);
				MARKETING_VERSION = 1.0;
				PRODUCT_BUNDLE_IDENTIFIER = DanilaG.Dersu.watchkitapp.watchkitextension;
				PRODUCT_NAME = "${TARGET_NAME}";
				SDKROOT = watchos;
				SKIP_INSTALL = YES;
				SWIFT_EMIT_LOC_STRINGS = YES;
				SWIFT_VERSION = 5.0;
				TARGETED_DEVICE_FAMILY = 4;
				VALIDATE_PRODUCT = YES;
				WATCHOS_DEPLOYMENT_TARGET = 8.5;
			};
			name = Release;
		};
		834D4A94281598820099464B /* Debug */ = {
			isa = XCBuildConfiguration;
			baseConfigurationReference = B117CBD2C5C367E23B5D2D76 /* Pods-DersuWatchApp.debug.xcconfig */;
			buildSettings = {
				ALWAYS_EMBED_SWIFT_STANDARD_LIBRARIES = YES;
				ASSETCATALOG_COMPILER_APPICON_NAME = AppIcon;
				ASSETCATALOG_COMPILER_GLOBAL_ACCENT_COLOR_NAME = AccentColor;
				CLANG_ENABLE_MODULES = YES;
				CODE_SIGN_STYLE = Automatic;
				CURRENT_PROJECT_VERSION = 1;
				DEVELOPMENT_TEAM = 3TNZ35SGHD;
				GENERATE_INFOPLIST_FILE = YES;
				IBSC_MODULE = Dersu_WatchKit_Extension;
				INFOPLIST_KEY_CFBundleDisplayName = "Dersu WatchKit App";
				INFOPLIST_KEY_UISupportedInterfaceOrientations = "UIInterfaceOrientationPortrait UIInterfaceOrientationPortraitUpsideDown";
				INFOPLIST_KEY_WKCompanionAppBundleIdentifier = DanilaG.Dersu;
				LD_RUNPATH_SEARCH_PATHS = (
					"$(inherited)",
					"@executable_path/../Frameworks",
					"@loader_path/../Frameworks",
				);
				MARKETING_VERSION = 1.0;
				PRODUCT_BUNDLE_IDENTIFIER = DanilaG.Dersu.watchkitapp;
				PRODUCT_NAME = "$(TARGET_NAME)";
				SDKROOT = watchos;
				SKIP_INSTALL = YES;
				SWIFT_EMIT_LOC_STRINGS = YES;
				SWIFT_OBJC_BRIDGING_HEADER = "Shared/Model/Targets/DersuWatchApp-Bridging-Header.h";
				SWIFT_OPTIMIZATION_LEVEL = "-Onone";
				SWIFT_VERSION = 5.0;
				TARGETED_DEVICE_FAMILY = 4;
				WATCHOS_DEPLOYMENT_TARGET = 8.5;
			};
			name = Debug;
		};
		834D4A95281598820099464B /* Release */ = {
			isa = XCBuildConfiguration;
			baseConfigurationReference = DC8AB5F0C09A537EC45287DD /* Pods-DersuWatchApp.release.xcconfig */;
			buildSettings = {
				ALWAYS_EMBED_SWIFT_STANDARD_LIBRARIES = YES;
				ASSETCATALOG_COMPILER_APPICON_NAME = AppIcon;
				ASSETCATALOG_COMPILER_GLOBAL_ACCENT_COLOR_NAME = AccentColor;
				CLANG_ENABLE_MODULES = YES;
				CODE_SIGN_STYLE = Automatic;
				CURRENT_PROJECT_VERSION = 1;
				DEVELOPMENT_TEAM = 3TNZ35SGHD;
				GENERATE_INFOPLIST_FILE = YES;
				IBSC_MODULE = Dersu_WatchKit_Extension;
				INFOPLIST_KEY_CFBundleDisplayName = "Dersu WatchKit App";
				INFOPLIST_KEY_UISupportedInterfaceOrientations = "UIInterfaceOrientationPortrait UIInterfaceOrientationPortraitUpsideDown";
				INFOPLIST_KEY_WKCompanionAppBundleIdentifier = DanilaG.Dersu;
				LD_RUNPATH_SEARCH_PATHS = (
					"$(inherited)",
					"@executable_path/../Frameworks",
					"@loader_path/../Frameworks",
				);
				MARKETING_VERSION = 1.0;
				PRODUCT_BUNDLE_IDENTIFIER = DanilaG.Dersu.watchkitapp;
				PRODUCT_NAME = "$(TARGET_NAME)";
				SDKROOT = watchos;
				SKIP_INSTALL = YES;
				SWIFT_EMIT_LOC_STRINGS = YES;
				SWIFT_OBJC_BRIDGING_HEADER = "Shared/Model/Targets/DersuWatchApp-Bridging-Header.h";
				SWIFT_VERSION = 5.0;
				TARGETED_DEVICE_FAMILY = 4;
				VALIDATE_PRODUCT = YES;
				WATCHOS_DEPLOYMENT_TARGET = 8.5;
			};
			name = Release;
		};
		834D4A98281598820099464B /* Debug */ = {
			isa = XCBuildConfiguration;
			baseConfigurationReference = 95755B617E80065F3510349A /* Pods-Dersu.debug.xcconfig */;
			buildSettings = {
				ASSETCATALOG_COMPILER_APPICON_NAME = AppIcon;
				ASSETCATALOG_COMPILER_GLOBAL_ACCENT_COLOR_NAME = AccentColor;
				CODE_SIGN_STYLE = Automatic;
				CURRENT_PROJECT_VERSION = 1;
				DEVELOPMENT_ASSET_PATHS = "";
				DEVELOPMENT_TEAM = 3TNZ35SGHD;
				ENABLE_PREVIEWS = YES;
				GENERATE_INFOPLIST_FILE = YES;
				INFOPLIST_KEY_UIApplicationSceneManifest_Generation = YES;
				INFOPLIST_KEY_UIApplicationSupportsIndirectInputEvents = YES;
				INFOPLIST_KEY_UILaunchScreen_Generation = YES;
				INFOPLIST_KEY_UISupportedInterfaceOrientations_iPad = "UIInterfaceOrientationPortrait UIInterfaceOrientationPortraitUpsideDown UIInterfaceOrientationLandscapeLeft UIInterfaceOrientationLandscapeRight";
				INFOPLIST_KEY_UISupportedInterfaceOrientations_iPhone = "UIInterfaceOrientationPortrait UIInterfaceOrientationLandscapeLeft UIInterfaceOrientationLandscapeRight";
				IPHONEOS_DEPLOYMENT_TARGET = 15.4;
				LD_RUNPATH_SEARCH_PATHS = (
					"$(inherited)",
					"@executable_path/Frameworks",
				);
				MARKETING_VERSION = 1.0;
				PRODUCT_BUNDLE_IDENTIFIER = DanilaG.Dersu;
				PRODUCT_NAME = "$(TARGET_NAME)";
				SDKROOT = iphoneos;
				SWIFT_EMIT_LOC_STRINGS = YES;
				SWIFT_VERSION = 5.0;
				TARGETED_DEVICE_FAMILY = "1,2";
			};
			name = Debug;
		};
		834D4A99281598820099464B /* Release */ = {
			isa = XCBuildConfiguration;
			baseConfigurationReference = 5C0BBE1D58DB452CAB52746C /* Pods-Dersu.release.xcconfig */;
			buildSettings = {
				ASSETCATALOG_COMPILER_APPICON_NAME = AppIcon;
				ASSETCATALOG_COMPILER_GLOBAL_ACCENT_COLOR_NAME = AccentColor;
				CODE_SIGN_STYLE = Automatic;
				CURRENT_PROJECT_VERSION = 1;
				DEVELOPMENT_ASSET_PATHS = "";
				DEVELOPMENT_TEAM = 3TNZ35SGHD;
				ENABLE_PREVIEWS = YES;
				GENERATE_INFOPLIST_FILE = YES;
				INFOPLIST_KEY_UIApplicationSceneManifest_Generation = YES;
				INFOPLIST_KEY_UIApplicationSupportsIndirectInputEvents = YES;
				INFOPLIST_KEY_UILaunchScreen_Generation = YES;
				INFOPLIST_KEY_UISupportedInterfaceOrientations_iPad = "UIInterfaceOrientationPortrait UIInterfaceOrientationPortraitUpsideDown UIInterfaceOrientationLandscapeLeft UIInterfaceOrientationLandscapeRight";
				INFOPLIST_KEY_UISupportedInterfaceOrientations_iPhone = "UIInterfaceOrientationPortrait UIInterfaceOrientationLandscapeLeft UIInterfaceOrientationLandscapeRight";
				IPHONEOS_DEPLOYMENT_TARGET = 15.4;
				LD_RUNPATH_SEARCH_PATHS = (
					"$(inherited)",
					"@executable_path/Frameworks",
				);
				MARKETING_VERSION = 1.0;
				PRODUCT_BUNDLE_IDENTIFIER = DanilaG.Dersu;
				PRODUCT_NAME = "$(TARGET_NAME)";
				SDKROOT = iphoneos;
				SWIFT_EMIT_LOC_STRINGS = YES;
				SWIFT_VERSION = 5.0;
				TARGETED_DEVICE_FAMILY = "1,2";
				VALIDATE_PRODUCT = YES;
			};
			name = Release;
		};
		834D4B9E2816874B0099464B /* Debug */ = {
			isa = XCBuildConfiguration;
			baseConfigurationReference = 7B85D87800F09EC4916D1FD5 /* Pods-DersuSharedTests.debug.xcconfig */;
			buildSettings = {
				CODE_SIGN_STYLE = Automatic;
				CURRENT_PROJECT_VERSION = 1;
				DEVELOPMENT_TEAM = 3TNZ35SGHD;
				GENERATE_INFOPLIST_FILE = YES;
				IPHONEOS_DEPLOYMENT_TARGET = 15.4;
				MARKETING_VERSION = 1.0;
				PRODUCT_BUNDLE_IDENTIFIER = DanilaG.DersuSharedTests;
				PRODUCT_NAME = "$(TARGET_NAME)";
				SDKROOT = iphoneos;
				SWIFT_EMIT_LOC_STRINGS = NO;
				SWIFT_VERSION = 5.0;
				TARGETED_DEVICE_FAMILY = "1,2";
			};
			name = Debug;
		};
		834D4B9F2816874B0099464B /* Release */ = {
			isa = XCBuildConfiguration;
			baseConfigurationReference = ED74E31D787FA1B56EF16FC4 /* Pods-DersuSharedTests.release.xcconfig */;
			buildSettings = {
				CODE_SIGN_STYLE = Automatic;
				CURRENT_PROJECT_VERSION = 1;
				DEVELOPMENT_TEAM = 3TNZ35SGHD;
				GENERATE_INFOPLIST_FILE = YES;
				IPHONEOS_DEPLOYMENT_TARGET = 15.4;
				MARKETING_VERSION = 1.0;
				PRODUCT_BUNDLE_IDENTIFIER = DanilaG.DersuSharedTests;
				PRODUCT_NAME = "$(TARGET_NAME)";
				SDKROOT = iphoneos;
				SWIFT_EMIT_LOC_STRINGS = NO;
				SWIFT_VERSION = 5.0;
				TARGETED_DEVICE_FAMILY = "1,2";
				VALIDATE_PRODUCT = YES;
			};
			name = Release;
		};
		834D4BAB281687CA0099464B /* Debug */ = {
			isa = XCBuildConfiguration;
			baseConfigurationReference = 3FA1388516B33400461B3CF4 /* Pods-DersuTests.debug.xcconfig */;
			buildSettings = {
				BUNDLE_LOADER = "$(TEST_HOST)";
				CODE_SIGN_STYLE = Automatic;
				CURRENT_PROJECT_VERSION = 1;
				DEVELOPMENT_TEAM = 3TNZ35SGHD;
				GENERATE_INFOPLIST_FILE = YES;
				IPHONEOS_DEPLOYMENT_TARGET = 15.4;
				MARKETING_VERSION = 1.0;
				PRODUCT_BUNDLE_IDENTIFIER = DanilaG.DersuTests;
				PRODUCT_NAME = "$(TARGET_NAME)";
				SDKROOT = iphoneos;
				SWIFT_EMIT_LOC_STRINGS = NO;
				SWIFT_VERSION = 5.0;
				TARGETED_DEVICE_FAMILY = "1,2";
				TEST_HOST = "$(BUILT_PRODUCTS_DIR)/Dersu.app/Dersu";
			};
			name = Debug;
		};
		834D4BAC281687CA0099464B /* Release */ = {
			isa = XCBuildConfiguration;
			baseConfigurationReference = 8CDCC23BDD445B58D03F53FC /* Pods-DersuTests.release.xcconfig */;
			buildSettings = {
				BUNDLE_LOADER = "$(TEST_HOST)";
				CODE_SIGN_STYLE = Automatic;
				CURRENT_PROJECT_VERSION = 1;
				DEVELOPMENT_TEAM = 3TNZ35SGHD;
				GENERATE_INFOPLIST_FILE = YES;
				IPHONEOS_DEPLOYMENT_TARGET = 15.4;
				MARKETING_VERSION = 1.0;
				PRODUCT_BUNDLE_IDENTIFIER = DanilaG.DersuTests;
				PRODUCT_NAME = "$(TARGET_NAME)";
				SDKROOT = iphoneos;
				SWIFT_EMIT_LOC_STRINGS = NO;
				SWIFT_VERSION = 5.0;
				TARGETED_DEVICE_FAMILY = "1,2";
				TEST_HOST = "$(BUILT_PRODUCTS_DIR)/Dersu.app/Dersu";
				VALIDATE_PRODUCT = YES;
			};
			name = Release;
		};
		834D4BB8281688450099464B /* Debug */ = {
			isa = XCBuildConfiguration;
			baseConfigurationReference = 515622C236EC135EF25B2F5D /* Pods-DersuWatchTests.debug.xcconfig */;
			buildSettings = {
				BUNDLE_LOADER = "$(TEST_HOST)";
				CODE_SIGN_STYLE = Automatic;
				CURRENT_PROJECT_VERSION = 1;
				DEVELOPMENT_TEAM = 3TNZ35SGHD;
				GENERATE_INFOPLIST_FILE = YES;
				MARKETING_VERSION = 1.0;
				PRODUCT_BUNDLE_IDENTIFIER = DanilaG.DersuWatchTests;
				PRODUCT_NAME = "$(TARGET_NAME)";
				SDKROOT = watchos;
				SWIFT_EMIT_LOC_STRINGS = NO;
				SWIFT_VERSION = 5.0;
				TARGETED_DEVICE_FAMILY = 4;
				TEST_HOST = "$(BUILT_PRODUCTS_DIR)/DersuWatchExtension.appex/DersuWatchExtension";
				WATCHOS_DEPLOYMENT_TARGET = 8.5;
			};
			name = Debug;
		};
		834D4BB9281688450099464B /* Release */ = {
			isa = XCBuildConfiguration;
			baseConfigurationReference = BBD14578D6D3640FE4858A5D /* Pods-DersuWatchTests.release.xcconfig */;
			buildSettings = {
				BUNDLE_LOADER = "$(TEST_HOST)";
				CODE_SIGN_STYLE = Automatic;
				CURRENT_PROJECT_VERSION = 1;
				DEVELOPMENT_TEAM = 3TNZ35SGHD;
				GENERATE_INFOPLIST_FILE = YES;
				MARKETING_VERSION = 1.0;
				PRODUCT_BUNDLE_IDENTIFIER = DanilaG.DersuWatchTests;
				PRODUCT_NAME = "$(TARGET_NAME)";
				SDKROOT = watchos;
				SWIFT_EMIT_LOC_STRINGS = NO;
				SWIFT_VERSION = 5.0;
				TARGETED_DEVICE_FAMILY = 4;
				TEST_HOST = "$(BUILT_PRODUCTS_DIR)/DersuWatchExtension.appex/DersuWatchExtension";
				VALIDATE_PRODUCT = YES;
				WATCHOS_DEPLOYMENT_TARGET = 8.5;
			};
			name = Release;
		};
/* End XCBuildConfiguration section */

/* Begin XCConfigurationList section */
		834D4A32281598790099464B /* Build configuration list for PBXProject "Dersu" */ = {
			isa = XCConfigurationList;
			buildConfigurations = (
				834D4A8D281598820099464B /* Debug */,
				834D4A8E281598820099464B /* Release */,
			);
			defaultConfigurationIsVisible = 0;
			defaultConfigurationName = Release;
		};
		834D4A8F281598820099464B /* Build configuration list for PBXNativeTarget "DersuWatchExtension" */ = {
			isa = XCConfigurationList;
			buildConfigurations = (
				834D4A90281598820099464B /* Debug */,
				834D4A91281598820099464B /* Release */,
			);
			defaultConfigurationIsVisible = 0;
			defaultConfigurationName = Release;
		};
		834D4A93281598820099464B /* Build configuration list for PBXNativeTarget "DersuWatchApp" */ = {
			isa = XCConfigurationList;
			buildConfigurations = (
				834D4A94281598820099464B /* Debug */,
				834D4A95281598820099464B /* Release */,
			);
			defaultConfigurationIsVisible = 0;
			defaultConfigurationName = Release;
		};
		834D4A97281598820099464B /* Build configuration list for PBXNativeTarget "Dersu" */ = {
			isa = XCConfigurationList;
			buildConfigurations = (
				834D4A98281598820099464B /* Debug */,
				834D4A99281598820099464B /* Release */,
			);
			defaultConfigurationIsVisible = 0;
			defaultConfigurationName = Release;
		};
		834D4B9D2816874B0099464B /* Build configuration list for PBXNativeTarget "DersuSharedTests" */ = {
			isa = XCConfigurationList;
			buildConfigurations = (
				834D4B9E2816874B0099464B /* Debug */,
				834D4B9F2816874B0099464B /* Release */,
			);
			defaultConfigurationIsVisible = 0;
			defaultConfigurationName = Release;
		};
		834D4BAA281687CA0099464B /* Build configuration list for PBXNativeTarget "DersuTests" */ = {
			isa = XCConfigurationList;
			buildConfigurations = (
				834D4BAB281687CA0099464B /* Debug */,
				834D4BAC281687CA0099464B /* Release */,
			);
			defaultConfigurationIsVisible = 0;
			defaultConfigurationName = Release;
		};
		834D4BB7281688450099464B /* Build configuration list for PBXNativeTarget "DersuWatchTests" */ = {
			isa = XCConfigurationList;
			buildConfigurations = (
				834D4BB8281688450099464B /* Debug */,
				834D4BB9281688450099464B /* Release */,
			);
			defaultConfigurationIsVisible = 0;
			defaultConfigurationName = Release;
		};
/* End XCConfigurationList section */
	};
	rootObject = 834D4A2F281598790099464B /* Project object */;
}
